// !$*UTF8*$!
{
	archiveVersion = 1;
	classes = {
	};
	objectVersion = 46;
	objects = {

/* Begin PBXBuildFile section */
		603DAE061620EDDD004B1D81 /* AFHTTPClient.m in Sources */ = {isa = PBXBuildFile; fileRef = 603DADD31620EDDD004B1D81 /* AFHTTPClient.m */; };
		603DAE071620EDDD004B1D81 /* AFHTTPRequestOperation.m in Sources */ = {isa = PBXBuildFile; fileRef = 603DADD51620EDDD004B1D81 /* AFHTTPRequestOperation.m */; };
		603DAE081620EDDD004B1D81 /* AFImageRequestOperation.m in Sources */ = {isa = PBXBuildFile; fileRef = 603DADD71620EDDD004B1D81 /* AFImageRequestOperation.m */; };
		603DAE091620EDDD004B1D81 /* AFJSONRequestOperation.m in Sources */ = {isa = PBXBuildFile; fileRef = 603DADD91620EDDD004B1D81 /* AFJSONRequestOperation.m */; };
		603DAE0A1620EDDD004B1D81 /* AFNetworkActivityIndicatorManager.m in Sources */ = {isa = PBXBuildFile; fileRef = 603DADDB1620EDDD004B1D81 /* AFNetworkActivityIndicatorManager.m */; };
		603DAE0B1620EDDD004B1D81 /* AFPropertyListRequestOperation.m in Sources */ = {isa = PBXBuildFile; fileRef = 603DADDE1620EDDD004B1D81 /* AFPropertyListRequestOperation.m */; };
		603DAE0C1620EDDD004B1D81 /* AFURLConnectionOperation.m in Sources */ = {isa = PBXBuildFile; fileRef = 603DADE01620EDDD004B1D81 /* AFURLConnectionOperation.m */; };
		603DAE0D1620EDDD004B1D81 /* AFXMLRequestOperation.m in Sources */ = {isa = PBXBuildFile; fileRef = 603DADE21620EDDD004B1D81 /* AFXMLRequestOperation.m */; };
		603DAE0E1620EDDD004B1D81 /* UIImageView+AFNetworking.m in Sources */ = {isa = PBXBuildFile; fileRef = 603DADE41620EDDD004B1D81 /* UIImageView+AFNetworking.m */; };
		603DAE0F1620EDDD004B1D81 /* MBProgressHUD.m in Sources */ = {isa = PBXBuildFile; fileRef = 603DADE71620EDDD004B1D81 /* MBProgressHUD.m */; };
		603DAE101620EDDD004B1D81 /* libzbar.a in Frameworks */ = {isa = PBXBuildFile; fileRef = 603DAE001620EDDD004B1D81 /* libzbar.a */; };
		603DAE111620EDDD004B1D81 /* zbar-back.png in Resources */ = {isa = PBXBuildFile; fileRef = 603DAE021620EDDD004B1D81 /* zbar-back.png */; };
		603DAE121620EDDD004B1D81 /* zbar-help.html in Resources */ = {isa = PBXBuildFile; fileRef = 603DAE031620EDDD004B1D81 /* zbar-help.html */; };
		603DAE131620EDDD004B1D81 /* zbar-helpicons.png in Resources */ = {isa = PBXBuildFile; fileRef = 603DAE041620EDDD004B1D81 /* zbar-helpicons.png */; };
		603DAE141620EDDD004B1D81 /* zbar-samples.png in Resources */ = {isa = PBXBuildFile; fileRef = 603DAE051620EDDD004B1D81 /* zbar-samples.png */; };
		603DAE171620EE1F004B1D81 /* AVFoundation.framework in Frameworks */ = {isa = PBXBuildFile; fileRef = 603DAE161620EE1F004B1D81 /* AVFoundation.framework */; };
		603DAE191620EE24004B1D81 /* CoreMedia.framework in Frameworks */ = {isa = PBXBuildFile; fileRef = 603DAE181620EE24004B1D81 /* CoreMedia.framework */; };
		603DAE1B1620EE2A004B1D81 /* CoreVideo.framework in Frameworks */ = {isa = PBXBuildFile; fileRef = 603DAE1A1620EE2A004B1D81 /* CoreVideo.framework */; };
		603DAE1D1620EE31004B1D81 /* QuartzCore.framework in Frameworks */ = {isa = PBXBuildFile; fileRef = 603DAE1C1620EE31004B1D81 /* QuartzCore.framework */; };
		603DAE1F1620EE38004B1D81 /* libiconv.dylib in Frameworks */ = {isa = PBXBuildFile; fileRef = 603DAE1E1620EE38004B1D81 /* libiconv.dylib */; };
		603DAE211620EE71004B1D81 /* MobileCoreServices.framework in Frameworks */ = {isa = PBXBuildFile; fileRef = 603DAE201620EE71004B1D81 /* MobileCoreServices.framework */; };
		603DAE231620EE76004B1D81 /* SystemConfiguration.framework in Frameworks */ = {isa = PBXBuildFile; fileRef = 603DAE221620EE76004B1D81 /* SystemConfiguration.framework */; };
		603DAE271620EED5004B1D81 /* ProductDescriptionController.m in Sources */ = {isa = PBXBuildFile; fileRef = 603DAE251620EED5004B1D81 /* ProductDescriptionController.m */; };
		603DAE281620EED5004B1D81 /* ProductDescriptionController.xib in Resources */ = {isa = PBXBuildFile; fileRef = 603DAE261620EED5004B1D81 /* ProductDescriptionController.xib */; };
		603DAE301620EF9A004B1D81 /* FoodRate.m in Sources */ = {isa = PBXBuildFile; fileRef = 603DAE2F1620EF9A004B1D81 /* FoodRate.m */; };
		608F09D216210BAC00FE1CB3 /* FoodMash.m in Sources */ = {isa = PBXBuildFile; fileRef = 608F09CC16210BAC00FE1CB3 /* FoodMash.m */; };
		608F09D316210BAC00FE1CB3 /* FoodMashController.m in Sources */ = {isa = PBXBuildFile; fileRef = 608F09CE16210BAC00FE1CB3 /* FoodMashController.m */; };
		608F09D416210BAC00FE1CB3 /* FoodMashController.xib in Resources */ = {isa = PBXBuildFile; fileRef = 608F09CF16210BAC00FE1CB3 /* FoodMashController.xib */; };
		608F09D516210BAC00FE1CB3 /* FoodPair.m in Sources */ = {isa = PBXBuildFile; fileRef = 608F09D116210BAC00FE1CB3 /* FoodPair.m */; };
		608F09DC1621141200FE1CB3 /* FoodProduct.m in Sources */ = {isa = PBXBuildFile; fileRef = 608F09DB1621141200FE1CB3 /* FoodProduct.m */; };
		6098F75516213DC8001D8136 /* FoodMashCategories.plist in Resources */ = {isa = PBXBuildFile; fileRef = 6098F75116213DC8001D8136 /* FoodMashCategories.plist */; };
		6098F75616213DC8001D8136 /* FoodMashCategoriesController.m in Sources */ = {isa = PBXBuildFile; fileRef = 6098F75316213DC8001D8136 /* FoodMashCategoriesController.m */; };
		6098F75716213DC8001D8136 /* FoodMashCategoriesController.xib in Resources */ = {isa = PBXBuildFile; fileRef = 6098F75416213DC8001D8136 /* FoodMashCategoriesController.xib */; };
		6098F76B16217F35001D8136 /* FoodMashScoreScreen.m in Sources */ = {isa = PBXBuildFile; fileRef = 6098F76916217F34001D8136 /* FoodMashScoreScreen.m */; };
		6098F76C16217F35001D8136 /* FoodMashScoreScreen.xib in Resources */ = {isa = PBXBuildFile; fileRef = 6098F76A16217F35001D8136 /* FoodMashScoreScreen.xib */; };
		6D1DA20616210F3F0052E5E4 /* background@2x.png in Resources */ = {isa = PBXBuildFile; fileRef = 6D1DA20516210F3F0052E5E4 /* background@2x.png */; };
		6D1DA2091621103A0052E5E4 /* label-profile@2x.png in Resources */ = {isa = PBXBuildFile; fileRef = 6D1DA2081621103A0052E5E4 /* label-profile@2x.png */; };
		6D1DA20E162110440052E5E4 /* boy-1@2x.png in Resources */ = {isa = PBXBuildFile; fileRef = 6D1DA20A162110440052E5E4 /* boy-1@2x.png */; };
		6D1DA20F162110440052E5E4 /* boy-2@2x.png in Resources */ = {isa = PBXBuildFile; fileRef = 6D1DA20B162110440052E5E4 /* boy-2@2x.png */; };
		6D1DA210162110440052E5E4 /* girl-1@2x.png in Resources */ = {isa = PBXBuildFile; fileRef = 6D1DA20C162110440052E5E4 /* girl-1@2x.png */; };
		6D1DA211162110440052E5E4 /* girl-2@2x.png in Resources */ = {isa = PBXBuildFile; fileRef = 6D1DA20D162110440052E5E4 /* girl-2@2x.png */; };
		6D1DA213162112400052E5E4 /* button-back@2x.png in Resources */ = {isa = PBXBuildFile; fileRef = 6D1DA212162112400052E5E4 /* button-back@2x.png */; };
		6D1DA22216211FF20052E5E4 /* tabcontrols@2x.png in Resources */ = {isa = PBXBuildFile; fileRef = 6D1DA22116211FF20052E5E4 /* tabcontrols@2x.png */; };
		6D1DA224162121800052E5E4 /* button-logout@2x.png in Resources */ = {isa = PBXBuildFile; fileRef = 6D1DA223162121800052E5E4 /* button-logout@2x.png */; };
		6D1DA22E162127BD0052E5E4 /* label-badges@2x.png in Resources */ = {isa = PBXBuildFile; fileRef = 6D1DA22D162127BD0052E5E4 /* label-badges@2x.png */; };
		6D1DA236162134680052E5E4 /* 1-mile@2x.png in Resources */ = {isa = PBXBuildFile; fileRef = 6D1DA230162134680052E5E4 /* 1-mile@2x.png */; };
		6D1DA237162134680052E5E4 /* 5-miles@2x.png in Resources */ = {isa = PBXBuildFile; fileRef = 6D1DA231162134680052E5E4 /* 5-miles@2x.png */; };
		6D1DA238162134680052E5E4 /* 10-miles@2x.png in Resources */ = {isa = PBXBuildFile; fileRef = 6D1DA232162134680052E5E4 /* 10-miles@2x.png */; };
		6D1DA239162134680052E5E4 /* quiz-expert@2x.png in Resources */ = {isa = PBXBuildFile; fileRef = 6D1DA233162134680052E5E4 /* quiz-expert@2x.png */; };
		6D1DA23A162134680052E5E4 /* quiz-guru@2x.png in Resources */ = {isa = PBXBuildFile; fileRef = 6D1DA234162134680052E5E4 /* quiz-guru@2x.png */; };
		6D1DA23B162134680052E5E4 /* quiz-whiz@2x.png in Resources */ = {isa = PBXBuildFile; fileRef = 6D1DA235162134680052E5E4 /* quiz-whiz@2x.png */; };
		6D1DA23E16213AE90052E5E4 /* rank-maj@2x.png in Resources */ = {isa = PBXBuildFile; fileRef = 6D1DA23C16213AE90052E5E4 /* rank-maj@2x.png */; };
		6D1DA23F16213AE90052E5E4 /* rank-sgt@2x.png in Resources */ = {isa = PBXBuildFile; fileRef = 6D1DA23D16213AE90052E5E4 /* rank-sgt@2x.png */; };
		6D1DA246162147020052E5E4 /* label-healthplay@2x.png in Resources */ = {isa = PBXBuildFile; fileRef = 6D1DA245162147020052E5E4 /* label-healthplay@2x.png */; };
		6D1DA248162147C60052E5E4 /* label-hboost@2x.png in Resources */ = {isa = PBXBuildFile; fileRef = 6D1DA247162147C60052E5E4 /* label-hboost@2x.png */; };
		6DD8EED81620B93E006A1F13 /* UIKit.framework in Frameworks */ = {isa = PBXBuildFile; fileRef = 6DD8EED71620B93E006A1F13 /* UIKit.framework */; };
		6DD8EEDA1620B93E006A1F13 /* Foundation.framework in Frameworks */ = {isa = PBXBuildFile; fileRef = 6DD8EED91620B93E006A1F13 /* Foundation.framework */; };
		6DD8EEDC1620B93E006A1F13 /* CoreGraphics.framework in Frameworks */ = {isa = PBXBuildFile; fileRef = 6DD8EEDB1620B93E006A1F13 /* CoreGraphics.framework */; };
		6DD8EEE21620B93E006A1F13 /* InfoPlist.strings in Resources */ = {isa = PBXBuildFile; fileRef = 6DD8EEE01620B93E006A1F13 /* InfoPlist.strings */; };
		6DD8EEE41620B93E006A1F13 /* main.m in Sources */ = {isa = PBXBuildFile; fileRef = 6DD8EEE31620B93E006A1F13 /* main.m */; };
		6DD8EEE81620B93E006A1F13 /* AppDelegate.m in Sources */ = {isa = PBXBuildFile; fileRef = 6DD8EEE71620B93E006A1F13 /* AppDelegate.m */; };
		6DD8EEEB1620B93E006A1F13 /* ViewController.m in Sources */ = {isa = PBXBuildFile; fileRef = 6DD8EEEA1620B93E006A1F13 /* ViewController.m */; };
		6DD8EEEE1620B93E006A1F13 /* ViewController.xib in Resources */ = {isa = PBXBuildFile; fileRef = 6DD8EEEC1620B93E006A1F13 /* ViewController.xib */; };
		6DD8EEFB1620BA64006A1F13 /* NavigationViewController.m in Sources */ = {isa = PBXBuildFile; fileRef = 6DD8EEF91620BA64006A1F13 /* NavigationViewController.m */; };
		6DD8EEFC1620BA64006A1F13 /* NavigationViewController.xib in Resources */ = {isa = PBXBuildFile; fileRef = 6DD8EEFA1620BA64006A1F13 /* NavigationViewController.xib */; };
		6DD8EF001620BB0C006A1F13 /* ProfileViewController.m in Sources */ = {isa = PBXBuildFile; fileRef = 6DD8EEFE1620BB0C006A1F13 /* ProfileViewController.m */; };
		6DD8EF011620BB0C006A1F13 /* ProfileViewController.xib in Resources */ = {isa = PBXBuildFile; fileRef = 6DD8EEFF1620BB0C006A1F13 /* ProfileViewController.xib */; };
		6DD8EF051620BB20006A1F13 /* ActivityViewController.m in Sources */ = {isa = PBXBuildFile; fileRef = 6DD8EF031620BB20006A1F13 /* ActivityViewController.m */; };
		6DD8EF061620BB20006A1F13 /* ActivityViewController.xib in Resources */ = {isa = PBXBuildFile; fileRef = 6DD8EF041620BB20006A1F13 /* ActivityViewController.xib */; };
		6DD8EF0A1620BB32006A1F13 /* PreGameViewController.m in Sources */ = {isa = PBXBuildFile; fileRef = 6DD8EF081620BB32006A1F13 /* PreGameViewController.m */; };
		6DD8EF0B1620BB32006A1F13 /* PreGameViewController.xib in Resources */ = {isa = PBXBuildFile; fileRef = 6DD8EF091620BB32006A1F13 /* PreGameViewController.xib */; };
		6DD8EF0F1620BB91006A1F13 /* GameViewController.m in Sources */ = {isa = PBXBuildFile; fileRef = 6DD8EF0D1620BB91006A1F13 /* GameViewController.m */; };
		6DD8EF101620BB91006A1F13 /* GameViewController.xib in Resources */ = {isa = PBXBuildFile; fileRef = 6DD8EF0E1620BB91006A1F13 /* GameViewController.xib */; };
		6DD8EF191620CA51006A1F13 /* LoginViewController.m in Sources */ = {isa = PBXBuildFile; fileRef = 6DD8EF171620CA51006A1F13 /* LoginViewController.m */; };
		6DD8EF1A1620CA51006A1F13 /* LoginViewController.xib in Resources */ = {isa = PBXBuildFile; fileRef = 6DD8EF181620CA51006A1F13 /* LoginViewController.xib */; };
		6DD8EF5C1620CE13006A1F13 /* CHANGELOG.md in Resources */ = {isa = PBXBuildFile; fileRef = 6DD8EF281620CE13006A1F13 /* CHANGELOG.md */; };
		6DD8EF5D1620CE13006A1F13 /* JSONKit.m in Sources */ = {isa = PBXBuildFile; fileRef = 6DD8EF2A1620CE13006A1F13 /* JSONKit.m */; settings = {COMPILER_FLAGS = "-fno-objc-arc"; }; };
		6DD8EF5E1620CE13006A1F13 /* README.md in Resources */ = {isa = PBXBuildFile; fileRef = 6DD8EF2B1620CE13006A1F13 /* README.md */; };
		6DD8EF5F1620CE13006A1F13 /* NSMutableURLRequest+Parameters.m in Sources */ = {isa = PBXBuildFile; fileRef = 6DD8EF2F1620CE13006A1F13 /* NSMutableURLRequest+Parameters.m */; settings = {COMPILER_FLAGS = "-fno-objc-arc"; }; };
		6DD8EF601620CE13006A1F13 /* NSString+URLEncoding.m in Sources */ = {isa = PBXBuildFile; fileRef = 6DD8EF311620CE13006A1F13 /* NSString+URLEncoding.m */; settings = {COMPILER_FLAGS = "-fno-objc-arc"; }; };
		6DD8EF611620CE13006A1F13 /* NSURL+Base.m in Sources */ = {isa = PBXBuildFile; fileRef = 6DD8EF331620CE13006A1F13 /* NSURL+Base.m */; settings = {COMPILER_FLAGS = "-fno-objc-arc"; }; };
		6DD8EF621620CE13006A1F13 /* Base64Transcoder.c in Sources */ = {isa = PBXBuildFile; fileRef = 6DD8EF351620CE13006A1F13 /* Base64Transcoder.c */; settings = {COMPILER_FLAGS = "-fno-objc-arc"; }; };
		6DD8EF631620CE13006A1F13 /* hmac.c in Sources */ = {isa = PBXBuildFile; fileRef = 6DD8EF371620CE13006A1F13 /* hmac.c */; settings = {COMPILER_FLAGS = "-fno-objc-arc"; }; };
		6DD8EF641620CE13006A1F13 /* sha1.c in Sources */ = {isa = PBXBuildFile; fileRef = 6DD8EF391620CE13006A1F13 /* sha1.c */; settings = {COMPILER_FLAGS = "-fno-objc-arc"; }; };
		6DD8EF651620CE13006A1F13 /* OAAttachment.m in Sources */ = {isa = PBXBuildFile; fileRef = 6DD8EF3C1620CE13006A1F13 /* OAAttachment.m */; settings = {COMPILER_FLAGS = "-fno-objc-arc"; }; };
		6DD8EF661620CE13006A1F13 /* OACall.m in Sources */ = {isa = PBXBuildFile; fileRef = 6DD8EF3E1620CE13006A1F13 /* OACall.m */; settings = {COMPILER_FLAGS = "-fno-objc-arc"; }; };
		6DD8EF671620CE13006A1F13 /* OAConsumer.m in Sources */ = {isa = PBXBuildFile; fileRef = 6DD8EF401620CE13006A1F13 /* OAConsumer.m */; settings = {COMPILER_FLAGS = "-fno-objc-arc"; }; };
		6DD8EF681620CE13006A1F13 /* OADataFetcher.m in Sources */ = {isa = PBXBuildFile; fileRef = 6DD8EF421620CE13006A1F13 /* OADataFetcher.m */; settings = {COMPILER_FLAGS = "-fno-objc-arc"; }; };
		6DD8EF691620CE13006A1F13 /* OAHMAC_SHA1SignatureProvider.m in Sources */ = {isa = PBXBuildFile; fileRef = 6DD8EF441620CE13006A1F13 /* OAHMAC_SHA1SignatureProvider.m */; settings = {COMPILER_FLAGS = "-fno-objc-arc"; }; };
		6DD8EF6A1620CE13006A1F13 /* OAMutableURLRequest.m in Sources */ = {isa = PBXBuildFile; fileRef = 6DD8EF461620CE13006A1F13 /* OAMutableURLRequest.m */; settings = {COMPILER_FLAGS = "-fno-objc-arc"; }; };
		6DD8EF6B1620CE13006A1F13 /* OAPlaintextSignatureProvider.m in Sources */ = {isa = PBXBuildFile; fileRef = 6DD8EF481620CE13006A1F13 /* OAPlaintextSignatureProvider.m */; settings = {COMPILER_FLAGS = "-fno-objc-arc"; }; };
		6DD8EF6C1620CE13006A1F13 /* OAProblem.m in Sources */ = {isa = PBXBuildFile; fileRef = 6DD8EF4A1620CE13006A1F13 /* OAProblem.m */; settings = {COMPILER_FLAGS = "-fno-objc-arc"; }; };
		6DD8EF6D1620CE13006A1F13 /* OARequestParameter.m in Sources */ = {isa = PBXBuildFile; fileRef = 6DD8EF4C1620CE13006A1F13 /* OARequestParameter.m */; settings = {COMPILER_FLAGS = "-fno-objc-arc"; }; };
		6DD8EF6E1620CE13006A1F13 /* OAServiceTicket.m in Sources */ = {isa = PBXBuildFile; fileRef = 6DD8EF4E1620CE13006A1F13 /* OAServiceTicket.m */; settings = {COMPILER_FLAGS = "-fno-objc-arc"; }; };
		6DD8EF6F1620CE13006A1F13 /* OATestServer.rb in Resources */ = {isa = PBXBuildFile; fileRef = 6DD8EF501620CE13006A1F13 /* OATestServer.rb */; };
		6DD8EF701620CE13006A1F13 /* OAToken.m in Sources */ = {isa = PBXBuildFile; fileRef = 6DD8EF521620CE13006A1F13 /* OAToken.m */; settings = {COMPILER_FLAGS = "-fno-objc-arc"; }; };
		6DD8EF711620CE13006A1F13 /* OATokenManager.m in Sources */ = {isa = PBXBuildFile; fileRef = 6DD8EF541620CE13006A1F13 /* OATokenManager.m */; settings = {COMPILER_FLAGS = "-fno-objc-arc"; }; };
		6DD8EF721620CE13006A1F13 /* README in Resources */ = {isa = PBXBuildFile; fileRef = 6DD8EF561620CE13006A1F13 /* README */; };
		6DD8EFA21620E7D9006A1F13 /* Badge.m in Sources */ = {isa = PBXBuildFile; fileRef = 6DD8EF911620E7D9006A1F13 /* Badge.m */; settings = {COMPILER_FLAGS = "-fno-objc-arc"; }; };
		6DD8EFA31620E7D9006A1F13 /* CloudyRecConnector.m in Sources */ = {isa = PBXBuildFile; fileRef = 6DD8EF931620E7D9006A1F13 /* CloudyRecConnector.m */; settings = {COMPILER_FLAGS = "-fno-objc-arc"; }; };
		6DD8EFA41620E7D9006A1F13 /* CloudyRecFstore.m in Sources */ = {isa = PBXBuildFile; fileRef = 6DD8EF951620E7D9006A1F13 /* CloudyRecFstore.m */; settings = {COMPILER_FLAGS = "-fno-objc-arc"; }; };
		6DD8EFA51620E7D9006A1F13 /* CloudyRecResource.m in Sources */ = {isa = PBXBuildFile; fileRef = 6DD8EF971620E7D9006A1F13 /* CloudyRecResource.m */; settings = {COMPILER_FLAGS = "-fno-objc-arc"; }; };
		6DD8EFA61620E7D9006A1F13 /* Exercise.m in Sources */ = {isa = PBXBuildFile; fileRef = 6DD8EF991620E7D9006A1F13 /* Exercise.m */; settings = {COMPILER_FLAGS = "-fno-objc-arc"; }; };
		6DD8EFA71620E7D9006A1F13 /* Food.m in Sources */ = {isa = PBXBuildFile; fileRef = 6DD8EF9B1620E7D9006A1F13 /* Food.m */; settings = {COMPILER_FLAGS = "-fno-objc-arc"; }; };
		6DD8EFA81620E7D9006A1F13 /* Quiz.m in Sources */ = {isa = PBXBuildFile; fileRef = 6DD8EF9D1620E7D9006A1F13 /* Quiz.m */; settings = {COMPILER_FLAGS = "-fno-objc-arc"; }; };
		6DD8EFA91620E7D9006A1F13 /* SimpleHttpResponse.m in Sources */ = {isa = PBXBuildFile; fileRef = 6DD8EF9F1620E7D9006A1F13 /* SimpleHttpResponse.m */; settings = {COMPILER_FLAGS = "-fno-objc-arc"; }; };
		6DD8EFAA1620E7D9006A1F13 /* User.m in Sources */ = {isa = PBXBuildFile; fileRef = 6DD8EFA11620E7D9006A1F13 /* User.m */; settings = {COMPILER_FLAGS = "-fno-objc-arc"; }; };
		6DD8EFB0162104AB006A1F13 /* loginscreen@2x.png in Resources */ = {isa = PBXBuildFile; fileRef = 6DD8EFAF162104AB006A1F13 /* loginscreen@2x.png */; };
/* End PBXBuildFile section */

/* Begin PBXFileReference section */
		603DADD21620EDDD004B1D81 /* AFHTTPClient.h */ = {isa = PBXFileReference; fileEncoding = 4; lastKnownFileType = sourcecode.c.h; path = AFHTTPClient.h; sourceTree = "<group>"; };
		603DADD31620EDDD004B1D81 /* AFHTTPClient.m */ = {isa = PBXFileReference; fileEncoding = 4; lastKnownFileType = sourcecode.c.objc; path = AFHTTPClient.m; sourceTree = "<group>"; };
		603DADD41620EDDD004B1D81 /* AFHTTPRequestOperation.h */ = {isa = PBXFileReference; fileEncoding = 4; lastKnownFileType = sourcecode.c.h; path = AFHTTPRequestOperation.h; sourceTree = "<group>"; };
		603DADD51620EDDD004B1D81 /* AFHTTPRequestOperation.m */ = {isa = PBXFileReference; fileEncoding = 4; lastKnownFileType = sourcecode.c.objc; path = AFHTTPRequestOperation.m; sourceTree = "<group>"; };
		603DADD61620EDDD004B1D81 /* AFImageRequestOperation.h */ = {isa = PBXFileReference; fileEncoding = 4; lastKnownFileType = sourcecode.c.h; path = AFImageRequestOperation.h; sourceTree = "<group>"; };
		603DADD71620EDDD004B1D81 /* AFImageRequestOperation.m */ = {isa = PBXFileReference; fileEncoding = 4; lastKnownFileType = sourcecode.c.objc; path = AFImageRequestOperation.m; sourceTree = "<group>"; };
		603DADD81620EDDD004B1D81 /* AFJSONRequestOperation.h */ = {isa = PBXFileReference; fileEncoding = 4; lastKnownFileType = sourcecode.c.h; path = AFJSONRequestOperation.h; sourceTree = "<group>"; };
		603DADD91620EDDD004B1D81 /* AFJSONRequestOperation.m */ = {isa = PBXFileReference; fileEncoding = 4; lastKnownFileType = sourcecode.c.objc; path = AFJSONRequestOperation.m; sourceTree = "<group>"; };
		603DADDA1620EDDD004B1D81 /* AFNetworkActivityIndicatorManager.h */ = {isa = PBXFileReference; fileEncoding = 4; lastKnownFileType = sourcecode.c.h; path = AFNetworkActivityIndicatorManager.h; sourceTree = "<group>"; };
		603DADDB1620EDDD004B1D81 /* AFNetworkActivityIndicatorManager.m */ = {isa = PBXFileReference; fileEncoding = 4; lastKnownFileType = sourcecode.c.objc; path = AFNetworkActivityIndicatorManager.m; sourceTree = "<group>"; };
		603DADDC1620EDDD004B1D81 /* AFNetworking.h */ = {isa = PBXFileReference; fileEncoding = 4; lastKnownFileType = sourcecode.c.h; path = AFNetworking.h; sourceTree = "<group>"; };
		603DADDD1620EDDD004B1D81 /* AFPropertyListRequestOperation.h */ = {isa = PBXFileReference; fileEncoding = 4; lastKnownFileType = sourcecode.c.h; path = AFPropertyListRequestOperation.h; sourceTree = "<group>"; };
		603DADDE1620EDDD004B1D81 /* AFPropertyListRequestOperation.m */ = {isa = PBXFileReference; fileEncoding = 4; lastKnownFileType = sourcecode.c.objc; path = AFPropertyListRequestOperation.m; sourceTree = "<group>"; };
		603DADDF1620EDDD004B1D81 /* AFURLConnectionOperation.h */ = {isa = PBXFileReference; fileEncoding = 4; lastKnownFileType = sourcecode.c.h; path = AFURLConnectionOperation.h; sourceTree = "<group>"; };
		603DADE01620EDDD004B1D81 /* AFURLConnectionOperation.m */ = {isa = PBXFileReference; fileEncoding = 4; lastKnownFileType = sourcecode.c.objc; path = AFURLConnectionOperation.m; sourceTree = "<group>"; };
		603DADE11620EDDD004B1D81 /* AFXMLRequestOperation.h */ = {isa = PBXFileReference; fileEncoding = 4; lastKnownFileType = sourcecode.c.h; path = AFXMLRequestOperation.h; sourceTree = "<group>"; };
		603DADE21620EDDD004B1D81 /* AFXMLRequestOperation.m */ = {isa = PBXFileReference; fileEncoding = 4; lastKnownFileType = sourcecode.c.objc; path = AFXMLRequestOperation.m; sourceTree = "<group>"; };
		603DADE31620EDDD004B1D81 /* UIImageView+AFNetworking.h */ = {isa = PBXFileReference; fileEncoding = 4; lastKnownFileType = sourcecode.c.h; path = "UIImageView+AFNetworking.h"; sourceTree = "<group>"; };
		603DADE41620EDDD004B1D81 /* UIImageView+AFNetworking.m */ = {isa = PBXFileReference; fileEncoding = 4; lastKnownFileType = sourcecode.c.objc; path = "UIImageView+AFNetworking.m"; sourceTree = "<group>"; };
		603DADE61620EDDD004B1D81 /* MBProgressHUD.h */ = {isa = PBXFileReference; fileEncoding = 4; lastKnownFileType = sourcecode.c.h; path = MBProgressHUD.h; sourceTree = "<group>"; };
		603DADE71620EDDD004B1D81 /* MBProgressHUD.m */ = {isa = PBXFileReference; fileEncoding = 4; lastKnownFileType = sourcecode.c.objc; path = MBProgressHUD.m; sourceTree = "<group>"; };
		603DADEC1620EDDD004B1D81 /* Decoder.h */ = {isa = PBXFileReference; fileEncoding = 4; lastKnownFileType = sourcecode.c.h; path = Decoder.h; sourceTree = "<group>"; };
		603DADED1620EDDD004B1D81 /* Exception.h */ = {isa = PBXFileReference; fileEncoding = 4; lastKnownFileType = sourcecode.c.h; path = Exception.h; sourceTree = "<group>"; };
		603DADEE1620EDDD004B1D81 /* Image.h */ = {isa = PBXFileReference; fileEncoding = 4; lastKnownFileType = sourcecode.c.h; path = Image.h; sourceTree = "<group>"; };
		603DADEF1620EDDD004B1D81 /* ImageScanner.h */ = {isa = PBXFileReference; fileEncoding = 4; lastKnownFileType = sourcecode.c.h; path = ImageScanner.h; sourceTree = "<group>"; };
		603DADF01620EDDD004B1D81 /* Processor.h */ = {isa = PBXFileReference; fileEncoding = 4; lastKnownFileType = sourcecode.c.h; path = Processor.h; sourceTree = "<group>"; };
		603DADF11620EDDD004B1D81 /* Scanner.h */ = {isa = PBXFileReference; fileEncoding = 4; lastKnownFileType = sourcecode.c.h; path = Scanner.h; sourceTree = "<group>"; };
		603DADF21620EDDD004B1D81 /* Symbol.h */ = {isa = PBXFileReference; fileEncoding = 4; lastKnownFileType = sourcecode.c.h; path = Symbol.h; sourceTree = "<group>"; };
		603DADF31620EDDD004B1D81 /* Video.h */ = {isa = PBXFileReference; fileEncoding = 4; lastKnownFileType = sourcecode.c.h; path = Video.h; sourceTree = "<group>"; };
		603DADF41620EDDD004B1D81 /* Window.h */ = {isa = PBXFileReference; fileEncoding = 4; lastKnownFileType = sourcecode.c.h; path = Window.h; sourceTree = "<group>"; };
		603DADF51620EDDD004B1D81 /* zbar.h */ = {isa = PBXFileReference; fileEncoding = 4; lastKnownFileType = sourcecode.c.h; path = zbar.h; sourceTree = "<group>"; };
		603DADF61620EDDD004B1D81 /* ZBarCameraSimulator.h */ = {isa = PBXFileReference; fileEncoding = 4; lastKnownFileType = sourcecode.c.h; path = ZBarCameraSimulator.h; sourceTree = "<group>"; };
		603DADF71620EDDD004B1D81 /* ZBarCaptureReader.h */ = {isa = PBXFileReference; fileEncoding = 4; lastKnownFileType = sourcecode.c.h; path = ZBarCaptureReader.h; sourceTree = "<group>"; };
		603DADF81620EDDD004B1D81 /* ZBarHelpController.h */ = {isa = PBXFileReference; fileEncoding = 4; lastKnownFileType = sourcecode.c.h; path = ZBarHelpController.h; sourceTree = "<group>"; };
		603DADF91620EDDD004B1D81 /* ZBarImage.h */ = {isa = PBXFileReference; fileEncoding = 4; lastKnownFileType = sourcecode.c.h; path = ZBarImage.h; sourceTree = "<group>"; };
		603DADFA1620EDDD004B1D81 /* ZBarImageScanner.h */ = {isa = PBXFileReference; fileEncoding = 4; lastKnownFileType = sourcecode.c.h; path = ZBarImageScanner.h; sourceTree = "<group>"; };
		603DADFB1620EDDD004B1D81 /* ZBarReaderController.h */ = {isa = PBXFileReference; fileEncoding = 4; lastKnownFileType = sourcecode.c.h; path = ZBarReaderController.h; sourceTree = "<group>"; };
		603DADFC1620EDDD004B1D81 /* ZBarReaderView.h */ = {isa = PBXFileReference; fileEncoding = 4; lastKnownFileType = sourcecode.c.h; path = ZBarReaderView.h; sourceTree = "<group>"; };
		603DADFD1620EDDD004B1D81 /* ZBarReaderViewController.h */ = {isa = PBXFileReference; fileEncoding = 4; lastKnownFileType = sourcecode.c.h; path = ZBarReaderViewController.h; sourceTree = "<group>"; };
		603DADFE1620EDDD004B1D81 /* ZBarSDK.h */ = {isa = PBXFileReference; fileEncoding = 4; lastKnownFileType = sourcecode.c.h; path = ZBarSDK.h; sourceTree = "<group>"; };
		603DADFF1620EDDD004B1D81 /* ZBarSymbol.h */ = {isa = PBXFileReference; fileEncoding = 4; lastKnownFileType = sourcecode.c.h; path = ZBarSymbol.h; sourceTree = "<group>"; };
		603DAE001620EDDD004B1D81 /* libzbar.a */ = {isa = PBXFileReference; lastKnownFileType = archive.ar; path = libzbar.a; sourceTree = "<group>"; };
		603DAE021620EDDD004B1D81 /* zbar-back.png */ = {isa = PBXFileReference; lastKnownFileType = image.png; path = "zbar-back.png"; sourceTree = "<group>"; };
		603DAE031620EDDD004B1D81 /* zbar-help.html */ = {isa = PBXFileReference; fileEncoding = 4; lastKnownFileType = text.html; path = "zbar-help.html"; sourceTree = "<group>"; };
		603DAE041620EDDD004B1D81 /* zbar-helpicons.png */ = {isa = PBXFileReference; lastKnownFileType = image.png; path = "zbar-helpicons.png"; sourceTree = "<group>"; };
		603DAE051620EDDD004B1D81 /* zbar-samples.png */ = {isa = PBXFileReference; lastKnownFileType = image.png; path = "zbar-samples.png"; sourceTree = "<group>"; };
		603DAE161620EE1F004B1D81 /* AVFoundation.framework */ = {isa = PBXFileReference; lastKnownFileType = wrapper.framework; name = AVFoundation.framework; path = System/Library/Frameworks/AVFoundation.framework; sourceTree = SDKROOT; };
		603DAE181620EE24004B1D81 /* CoreMedia.framework */ = {isa = PBXFileReference; lastKnownFileType = wrapper.framework; name = CoreMedia.framework; path = System/Library/Frameworks/CoreMedia.framework; sourceTree = SDKROOT; };
		603DAE1A1620EE2A004B1D81 /* CoreVideo.framework */ = {isa = PBXFileReference; lastKnownFileType = wrapper.framework; name = CoreVideo.framework; path = System/Library/Frameworks/CoreVideo.framework; sourceTree = SDKROOT; };
		603DAE1C1620EE31004B1D81 /* QuartzCore.framework */ = {isa = PBXFileReference; lastKnownFileType = wrapper.framework; name = QuartzCore.framework; path = System/Library/Frameworks/QuartzCore.framework; sourceTree = SDKROOT; };
		603DAE1E1620EE38004B1D81 /* libiconv.dylib */ = {isa = PBXFileReference; lastKnownFileType = "compiled.mach-o.dylib"; name = libiconv.dylib; path = usr/lib/libiconv.dylib; sourceTree = SDKROOT; };
		603DAE201620EE71004B1D81 /* MobileCoreServices.framework */ = {isa = PBXFileReference; lastKnownFileType = wrapper.framework; name = MobileCoreServices.framework; path = System/Library/Frameworks/MobileCoreServices.framework; sourceTree = SDKROOT; };
		603DAE221620EE76004B1D81 /* SystemConfiguration.framework */ = {isa = PBXFileReference; lastKnownFileType = wrapper.framework; name = SystemConfiguration.framework; path = System/Library/Frameworks/SystemConfiguration.framework; sourceTree = SDKROOT; };
		603DAE241620EED5004B1D81 /* ProductDescriptionController.h */ = {isa = PBXFileReference; fileEncoding = 4; lastKnownFileType = sourcecode.c.h; path = ProductDescriptionController.h; sourceTree = "<group>"; };
		603DAE251620EED5004B1D81 /* ProductDescriptionController.m */ = {isa = PBXFileReference; fileEncoding = 4; lastKnownFileType = sourcecode.c.objc; path = ProductDescriptionController.m; sourceTree = "<group>"; };
		603DAE261620EED5004B1D81 /* ProductDescriptionController.xib */ = {isa = PBXFileReference; fileEncoding = 4; lastKnownFileType = file.xib; path = ProductDescriptionController.xib; sourceTree = "<group>"; };
		603DAE2E1620EF9A004B1D81 /* FoodRate.h */ = {isa = PBXFileReference; fileEncoding = 4; lastKnownFileType = sourcecode.c.h; path = FoodRate.h; sourceTree = "<group>"; };
		603DAE2F1620EF9A004B1D81 /* FoodRate.m */ = {isa = PBXFileReference; fileEncoding = 4; lastKnownFileType = sourcecode.c.objc; path = FoodRate.m; sourceTree = "<group>"; };
		603DAE311620EFFD004B1D81 /* Constants.h */ = {isa = PBXFileReference; fileEncoding = 4; lastKnownFileType = sourcecode.c.h; path = Constants.h; sourceTree = "<group>"; };
		603DAE321620F0C1004B1D81 /* FoodRateDelegate.h */ = {isa = PBXFileReference; lastKnownFileType = sourcecode.c.h; path = FoodRateDelegate.h; sourceTree = "<group>"; };
		608F09CB16210BAC00FE1CB3 /* FoodMash.h */ = {isa = PBXFileReference; fileEncoding = 4; lastKnownFileType = sourcecode.c.h; path = FoodMash.h; sourceTree = "<group>"; };
		608F09CC16210BAC00FE1CB3 /* FoodMash.m */ = {isa = PBXFileReference; fileEncoding = 4; lastKnownFileType = sourcecode.c.objc; path = FoodMash.m; sourceTree = "<group>"; };
		608F09CD16210BAC00FE1CB3 /* FoodMashController.h */ = {isa = PBXFileReference; fileEncoding = 4; lastKnownFileType = sourcecode.c.h; path = FoodMashController.h; sourceTree = "<group>"; };
		608F09CE16210BAC00FE1CB3 /* FoodMashController.m */ = {isa = PBXFileReference; fileEncoding = 4; lastKnownFileType = sourcecode.c.objc; path = FoodMashController.m; sourceTree = "<group>"; };
		608F09CF16210BAC00FE1CB3 /* FoodMashController.xib */ = {isa = PBXFileReference; fileEncoding = 4; lastKnownFileType = file.xib; path = FoodMashController.xib; sourceTree = "<group>"; };
		608F09D016210BAC00FE1CB3 /* FoodPair.h */ = {isa = PBXFileReference; fileEncoding = 4; lastKnownFileType = sourcecode.c.h; path = FoodPair.h; sourceTree = "<group>"; };
		608F09D116210BAC00FE1CB3 /* FoodPair.m */ = {isa = PBXFileReference; fileEncoding = 4; lastKnownFileType = sourcecode.c.objc; path = FoodPair.m; sourceTree = "<group>"; };
		608F09DA1621141200FE1CB3 /* FoodProduct.h */ = {isa = PBXFileReference; fileEncoding = 4; lastKnownFileType = sourcecode.c.h; path = FoodProduct.h; sourceTree = "<group>"; };
		608F09DB1621141200FE1CB3 /* FoodProduct.m */ = {isa = PBXFileReference; fileEncoding = 4; lastKnownFileType = sourcecode.c.objc; path = FoodProduct.m; sourceTree = "<group>"; };
		6098F75116213DC8001D8136 /* FoodMashCategories.plist */ = {isa = PBXFileReference; fileEncoding = 4; lastKnownFileType = text.plist.xml; path = FoodMashCategories.plist; sourceTree = "<group>"; };
		6098F75216213DC8001D8136 /* FoodMashCategoriesController.h */ = {isa = PBXFileReference; fileEncoding = 4; lastKnownFileType = sourcecode.c.h; path = FoodMashCategoriesController.h; sourceTree = "<group>"; };
		6098F75316213DC8001D8136 /* FoodMashCategoriesController.m */ = {isa = PBXFileReference; fileEncoding = 4; lastKnownFileType = sourcecode.c.objc; path = FoodMashCategoriesController.m; sourceTree = "<group>"; };
		6098F75416213DC8001D8136 /* FoodMashCategoriesController.xib */ = {isa = PBXFileReference; fileEncoding = 4; lastKnownFileType = file.xib; path = FoodMashCategoriesController.xib; sourceTree = "<group>"; };
		6098F76816217F34001D8136 /* FoodMashScoreScreen.h */ = {isa = PBXFileReference; fileEncoding = 4; lastKnownFileType = sourcecode.c.h; path = FoodMashScoreScreen.h; sourceTree = "<group>"; };
		6098F76916217F34001D8136 /* FoodMashScoreScreen.m */ = {isa = PBXFileReference; fileEncoding = 4; lastKnownFileType = sourcecode.c.objc; path = FoodMashScoreScreen.m; sourceTree = "<group>"; };
		6098F76A16217F35001D8136 /* FoodMashScoreScreen.xib */ = {isa = PBXFileReference; fileEncoding = 4; lastKnownFileType = file.xib; path = FoodMashScoreScreen.xib; sourceTree = "<group>"; };
		6D1DA20516210F3F0052E5E4 /* background@2x.png */ = {isa = PBXFileReference; lastKnownFileType = image.png; path = "background@2x.png"; sourceTree = "<group>"; };
		6D1DA2081621103A0052E5E4 /* label-profile@2x.png */ = {isa = PBXFileReference; lastKnownFileType = image.png; path = "label-profile@2x.png"; sourceTree = "<group>"; };
		6D1DA20A162110440052E5E4 /* boy-1@2x.png */ = {isa = PBXFileReference; lastKnownFileType = image.png; path = "boy-1@2x.png"; sourceTree = "<group>"; };
		6D1DA20B162110440052E5E4 /* boy-2@2x.png */ = {isa = PBXFileReference; lastKnownFileType = image.png; path = "boy-2@2x.png"; sourceTree = "<group>"; };
		6D1DA20C162110440052E5E4 /* girl-1@2x.png */ = {isa = PBXFileReference; lastKnownFileType = image.png; path = "girl-1@2x.png"; sourceTree = "<group>"; };
		6D1DA20D162110440052E5E4 /* girl-2@2x.png */ = {isa = PBXFileReference; lastKnownFileType = image.png; path = "girl-2@2x.png"; sourceTree = "<group>"; };
		6D1DA212162112400052E5E4 /* button-back@2x.png */ = {isa = PBXFileReference; lastKnownFileType = image.png; path = "button-back@2x.png"; sourceTree = "<group>"; };
		6D1DA22116211FF20052E5E4 /* tabcontrols@2x.png */ = {isa = PBXFileReference; lastKnownFileType = image.png; path = "tabcontrols@2x.png"; sourceTree = "<group>"; };
		6D1DA223162121800052E5E4 /* button-logout@2x.png */ = {isa = PBXFileReference; lastKnownFileType = image.png; path = "button-logout@2x.png"; sourceTree = "<group>"; };
		6D1DA22D162127BD0052E5E4 /* label-badges@2x.png */ = {isa = PBXFileReference; lastKnownFileType = image.png; path = "label-badges@2x.png"; sourceTree = "<group>"; };
		6D1DA230162134680052E5E4 /* 1-mile@2x.png */ = {isa = PBXFileReference; lastKnownFileType = image.png; path = "1-mile@2x.png"; sourceTree = "<group>"; };
		6D1DA231162134680052E5E4 /* 5-miles@2x.png */ = {isa = PBXFileReference; lastKnownFileType = image.png; path = "5-miles@2x.png"; sourceTree = "<group>"; };
		6D1DA232162134680052E5E4 /* 10-miles@2x.png */ = {isa = PBXFileReference; lastKnownFileType = image.png; path = "10-miles@2x.png"; sourceTree = "<group>"; };
		6D1DA233162134680052E5E4 /* quiz-expert@2x.png */ = {isa = PBXFileReference; lastKnownFileType = image.png; path = "quiz-expert@2x.png"; sourceTree = "<group>"; };
		6D1DA234162134680052E5E4 /* quiz-guru@2x.png */ = {isa = PBXFileReference; lastKnownFileType = image.png; path = "quiz-guru@2x.png"; sourceTree = "<group>"; };
		6D1DA235162134680052E5E4 /* quiz-whiz@2x.png */ = {isa = PBXFileReference; lastKnownFileType = image.png; path = "quiz-whiz@2x.png"; sourceTree = "<group>"; };
		6D1DA23C16213AE90052E5E4 /* rank-maj@2x.png */ = {isa = PBXFileReference; lastKnownFileType = image.png; path = "rank-maj@2x.png"; sourceTree = "<group>"; };
		6D1DA23D16213AE90052E5E4 /* rank-sgt@2x.png */ = {isa = PBXFileReference; lastKnownFileType = image.png; path = "rank-sgt@2x.png"; sourceTree = "<group>"; };
		6D1DA245162147020052E5E4 /* label-healthplay@2x.png */ = {isa = PBXFileReference; lastKnownFileType = image.png; path = "label-healthplay@2x.png"; sourceTree = "<group>"; };
		6D1DA247162147C60052E5E4 /* label-hboost@2x.png */ = {isa = PBXFileReference; lastKnownFileType = image.png; path = "label-hboost@2x.png"; sourceTree = "<group>"; };
		6DD8EED31620B93E006A1F13 /* HealthPlay.app */ = {isa = PBXFileReference; explicitFileType = wrapper.application; includeInIndex = 0; path = HealthPlay.app; sourceTree = BUILT_PRODUCTS_DIR; };
		6DD8EED71620B93E006A1F13 /* UIKit.framework */ = {isa = PBXFileReference; lastKnownFileType = wrapper.framework; name = UIKit.framework; path = System/Library/Frameworks/UIKit.framework; sourceTree = SDKROOT; };
		6DD8EED91620B93E006A1F13 /* Foundation.framework */ = {isa = PBXFileReference; lastKnownFileType = wrapper.framework; name = Foundation.framework; path = System/Library/Frameworks/Foundation.framework; sourceTree = SDKROOT; };
		6DD8EEDB1620B93E006A1F13 /* CoreGraphics.framework */ = {isa = PBXFileReference; lastKnownFileType = wrapper.framework; name = CoreGraphics.framework; path = System/Library/Frameworks/CoreGraphics.framework; sourceTree = SDKROOT; };
		6DD8EEDF1620B93E006A1F13 /* HealthPlay-Info.plist */ = {isa = PBXFileReference; lastKnownFileType = text.plist.xml; path = "HealthPlay-Info.plist"; sourceTree = "<group>"; };
		6DD8EEE11620B93E006A1F13 /* en */ = {isa = PBXFileReference; lastKnownFileType = text.plist.strings; name = en; path = en.lproj/InfoPlist.strings; sourceTree = "<group>"; };
		6DD8EEE31620B93E006A1F13 /* main.m */ = {isa = PBXFileReference; lastKnownFileType = sourcecode.c.objc; path = main.m; sourceTree = "<group>"; };
		6DD8EEE51620B93E006A1F13 /* HealthPlay-Prefix.pch */ = {isa = PBXFileReference; lastKnownFileType = sourcecode.c.h; path = "HealthPlay-Prefix.pch"; sourceTree = "<group>"; };
		6DD8EEE61620B93E006A1F13 /* AppDelegate.h */ = {isa = PBXFileReference; lastKnownFileType = sourcecode.c.h; path = AppDelegate.h; sourceTree = "<group>"; };
		6DD8EEE71620B93E006A1F13 /* AppDelegate.m */ = {isa = PBXFileReference; lastKnownFileType = sourcecode.c.objc; path = AppDelegate.m; sourceTree = "<group>"; };
		6DD8EEE91620B93E006A1F13 /* ViewController.h */ = {isa = PBXFileReference; lastKnownFileType = sourcecode.c.h; path = ViewController.h; sourceTree = "<group>"; };
		6DD8EEEA1620B93E006A1F13 /* ViewController.m */ = {isa = PBXFileReference; lastKnownFileType = sourcecode.c.objc; path = ViewController.m; sourceTree = "<group>"; };
		6DD8EEED1620B93E006A1F13 /* en */ = {isa = PBXFileReference; lastKnownFileType = file.xib; name = en; path = en.lproj/ViewController.xib; sourceTree = "<group>"; };
		6DD8EEF81620BA64006A1F13 /* NavigationViewController.h */ = {isa = PBXFileReference; fileEncoding = 4; lastKnownFileType = sourcecode.c.h; path = NavigationViewController.h; sourceTree = "<group>"; };
		6DD8EEF91620BA64006A1F13 /* NavigationViewController.m */ = {isa = PBXFileReference; fileEncoding = 4; lastKnownFileType = sourcecode.c.objc; path = NavigationViewController.m; sourceTree = "<group>"; };
		6DD8EEFA1620BA64006A1F13 /* NavigationViewController.xib */ = {isa = PBXFileReference; fileEncoding = 4; lastKnownFileType = file.xib; path = NavigationViewController.xib; sourceTree = "<group>"; };
		6DD8EEFD1620BB0C006A1F13 /* ProfileViewController.h */ = {isa = PBXFileReference; fileEncoding = 4; lastKnownFileType = sourcecode.c.h; path = ProfileViewController.h; sourceTree = "<group>"; };
		6DD8EEFE1620BB0C006A1F13 /* ProfileViewController.m */ = {isa = PBXFileReference; fileEncoding = 4; lastKnownFileType = sourcecode.c.objc; path = ProfileViewController.m; sourceTree = "<group>"; };
		6DD8EEFF1620BB0C006A1F13 /* ProfileViewController.xib */ = {isa = PBXFileReference; fileEncoding = 4; lastKnownFileType = file.xib; path = ProfileViewController.xib; sourceTree = "<group>"; };
		6DD8EF021620BB20006A1F13 /* ActivityViewController.h */ = {isa = PBXFileReference; fileEncoding = 4; lastKnownFileType = sourcecode.c.h; path = ActivityViewController.h; sourceTree = "<group>"; };
		6DD8EF031620BB20006A1F13 /* ActivityViewController.m */ = {isa = PBXFileReference; fileEncoding = 4; lastKnownFileType = sourcecode.c.objc; path = ActivityViewController.m; sourceTree = "<group>"; };
		6DD8EF041620BB20006A1F13 /* ActivityViewController.xib */ = {isa = PBXFileReference; fileEncoding = 4; lastKnownFileType = file.xib; path = ActivityViewController.xib; sourceTree = "<group>"; };
		6DD8EF071620BB31006A1F13 /* PreGameViewController.h */ = {isa = PBXFileReference; fileEncoding = 4; lastKnownFileType = sourcecode.c.h; path = PreGameViewController.h; sourceTree = "<group>"; };
		6DD8EF081620BB32006A1F13 /* PreGameViewController.m */ = {isa = PBXFileReference; fileEncoding = 4; lastKnownFileType = sourcecode.c.objc; path = PreGameViewController.m; sourceTree = "<group>"; };
		6DD8EF091620BB32006A1F13 /* PreGameViewController.xib */ = {isa = PBXFileReference; fileEncoding = 4; lastKnownFileType = file.xib; path = PreGameViewController.xib; sourceTree = "<group>"; };
		6DD8EF0C1620BB91006A1F13 /* GameViewController.h */ = {isa = PBXFileReference; fileEncoding = 4; lastKnownFileType = sourcecode.c.h; path = GameViewController.h; sourceTree = "<group>"; };
		6DD8EF0D1620BB91006A1F13 /* GameViewController.m */ = {isa = PBXFileReference; fileEncoding = 4; lastKnownFileType = sourcecode.c.objc; path = GameViewController.m; sourceTree = "<group>"; };
		6DD8EF0E1620BB91006A1F13 /* GameViewController.xib */ = {isa = PBXFileReference; fileEncoding = 4; lastKnownFileType = file.xib; path = GameViewController.xib; sourceTree = "<group>"; };
		6DD8EF161620CA51006A1F13 /* LoginViewController.h */ = {isa = PBXFileReference; fileEncoding = 4; lastKnownFileType = sourcecode.c.h; path = LoginViewController.h; sourceTree = "<group>"; };
		6DD8EF171620CA51006A1F13 /* LoginViewController.m */ = {isa = PBXFileReference; fileEncoding = 4; lastKnownFileType = sourcecode.c.objc; path = LoginViewController.m; sourceTree = "<group>"; };
		6DD8EF181620CA51006A1F13 /* LoginViewController.xib */ = {isa = PBXFileReference; fileEncoding = 4; lastKnownFileType = file.xib; path = LoginViewController.xib; sourceTree = "<group>"; };
		6DD8EF281620CE13006A1F13 /* CHANGELOG.md */ = {isa = PBXFileReference; fileEncoding = 4; lastKnownFileType = text; path = CHANGELOG.md; sourceTree = "<group>"; };
		6DD8EF291620CE13006A1F13 /* JSONKit.h */ = {isa = PBXFileReference; fileEncoding = 4; lastKnownFileType = sourcecode.c.h; path = JSONKit.h; sourceTree = "<group>"; };
		6DD8EF2A1620CE13006A1F13 /* JSONKit.m */ = {isa = PBXFileReference; fileEncoding = 4; lastKnownFileType = sourcecode.c.objc; path = JSONKit.m; sourceTree = "<group>"; };
		6DD8EF2B1620CE13006A1F13 /* README.md */ = {isa = PBXFileReference; fileEncoding = 4; lastKnownFileType = text; path = README.md; sourceTree = "<group>"; };
		6DD8EF2E1620CE13006A1F13 /* NSMutableURLRequest+Parameters.h */ = {isa = PBXFileReference; fileEncoding = 4; lastKnownFileType = sourcecode.c.h; path = "NSMutableURLRequest+Parameters.h"; sourceTree = "<group>"; };
		6DD8EF2F1620CE13006A1F13 /* NSMutableURLRequest+Parameters.m */ = {isa = PBXFileReference; fileEncoding = 4; lastKnownFileType = sourcecode.c.objc; path = "NSMutableURLRequest+Parameters.m"; sourceTree = "<group>"; };
		6DD8EF301620CE13006A1F13 /* NSString+URLEncoding.h */ = {isa = PBXFileReference; fileEncoding = 4; lastKnownFileType = sourcecode.c.h; path = "NSString+URLEncoding.h"; sourceTree = "<group>"; };
		6DD8EF311620CE13006A1F13 /* NSString+URLEncoding.m */ = {isa = PBXFileReference; fileEncoding = 4; lastKnownFileType = sourcecode.c.objc; path = "NSString+URLEncoding.m"; sourceTree = "<group>"; };
		6DD8EF321620CE13006A1F13 /* NSURL+Base.h */ = {isa = PBXFileReference; fileEncoding = 4; lastKnownFileType = sourcecode.c.h; path = "NSURL+Base.h"; sourceTree = "<group>"; };
		6DD8EF331620CE13006A1F13 /* NSURL+Base.m */ = {isa = PBXFileReference; fileEncoding = 4; lastKnownFileType = sourcecode.c.objc; path = "NSURL+Base.m"; sourceTree = "<group>"; };
		6DD8EF351620CE13006A1F13 /* Base64Transcoder.c */ = {isa = PBXFileReference; fileEncoding = 4; lastKnownFileType = sourcecode.c.c; path = Base64Transcoder.c; sourceTree = "<group>"; };
		6DD8EF361620CE13006A1F13 /* Base64Transcoder.h */ = {isa = PBXFileReference; fileEncoding = 4; lastKnownFileType = sourcecode.c.h; path = Base64Transcoder.h; sourceTree = "<group>"; };
		6DD8EF371620CE13006A1F13 /* hmac.c */ = {isa = PBXFileReference; fileEncoding = 4; lastKnownFileType = sourcecode.c.c; path = hmac.c; sourceTree = "<group>"; };
		6DD8EF381620CE13006A1F13 /* hmac.h */ = {isa = PBXFileReference; fileEncoding = 4; lastKnownFileType = sourcecode.c.h; path = hmac.h; sourceTree = "<group>"; };
		6DD8EF391620CE13006A1F13 /* sha1.c */ = {isa = PBXFileReference; fileEncoding = 4; lastKnownFileType = sourcecode.c.c; path = sha1.c; sourceTree = "<group>"; };
		6DD8EF3A1620CE13006A1F13 /* sha1.h */ = {isa = PBXFileReference; fileEncoding = 4; lastKnownFileType = sourcecode.c.h; path = sha1.h; sourceTree = "<group>"; };
		6DD8EF3B1620CE13006A1F13 /* OAAttachment.h */ = {isa = PBXFileReference; fileEncoding = 4; lastKnownFileType = sourcecode.c.h; path = OAAttachment.h; sourceTree = "<group>"; };
		6DD8EF3C1620CE13006A1F13 /* OAAttachment.m */ = {isa = PBXFileReference; fileEncoding = 4; lastKnownFileType = sourcecode.c.objc; path = OAAttachment.m; sourceTree = "<group>"; };
		6DD8EF3D1620CE13006A1F13 /* OACall.h */ = {isa = PBXFileReference; fileEncoding = 4; lastKnownFileType = sourcecode.c.h; path = OACall.h; sourceTree = "<group>"; };
		6DD8EF3E1620CE13006A1F13 /* OACall.m */ = {isa = PBXFileReference; fileEncoding = 4; lastKnownFileType = sourcecode.c.objc; path = OACall.m; sourceTree = "<group>"; };
		6DD8EF3F1620CE13006A1F13 /* OAConsumer.h */ = {isa = PBXFileReference; fileEncoding = 4; lastKnownFileType = sourcecode.c.h; path = OAConsumer.h; sourceTree = "<group>"; };
		6DD8EF401620CE13006A1F13 /* OAConsumer.m */ = {isa = PBXFileReference; fileEncoding = 4; lastKnownFileType = sourcecode.c.objc; path = OAConsumer.m; sourceTree = "<group>"; };
		6DD8EF411620CE13006A1F13 /* OADataFetcher.h */ = {isa = PBXFileReference; fileEncoding = 4; lastKnownFileType = sourcecode.c.h; path = OADataFetcher.h; sourceTree = "<group>"; };
		6DD8EF421620CE13006A1F13 /* OADataFetcher.m */ = {isa = PBXFileReference; fileEncoding = 4; lastKnownFileType = sourcecode.c.objc; path = OADataFetcher.m; sourceTree = "<group>"; };
		6DD8EF431620CE13006A1F13 /* OAHMAC_SHA1SignatureProvider.h */ = {isa = PBXFileReference; fileEncoding = 4; lastKnownFileType = sourcecode.c.h; path = OAHMAC_SHA1SignatureProvider.h; sourceTree = "<group>"; };
		6DD8EF441620CE13006A1F13 /* OAHMAC_SHA1SignatureProvider.m */ = {isa = PBXFileReference; fileEncoding = 4; lastKnownFileType = sourcecode.c.objc; path = OAHMAC_SHA1SignatureProvider.m; sourceTree = "<group>"; };
		6DD8EF451620CE13006A1F13 /* OAMutableURLRequest.h */ = {isa = PBXFileReference; fileEncoding = 4; lastKnownFileType = sourcecode.c.h; path = OAMutableURLRequest.h; sourceTree = "<group>"; };
		6DD8EF461620CE13006A1F13 /* OAMutableURLRequest.m */ = {isa = PBXFileReference; fileEncoding = 4; lastKnownFileType = sourcecode.c.objc; path = OAMutableURLRequest.m; sourceTree = "<group>"; };
		6DD8EF471620CE13006A1F13 /* OAPlaintextSignatureProvider.h */ = {isa = PBXFileReference; fileEncoding = 4; lastKnownFileType = sourcecode.c.h; path = OAPlaintextSignatureProvider.h; sourceTree = "<group>"; };
		6DD8EF481620CE13006A1F13 /* OAPlaintextSignatureProvider.m */ = {isa = PBXFileReference; fileEncoding = 4; lastKnownFileType = sourcecode.c.objc; path = OAPlaintextSignatureProvider.m; sourceTree = "<group>"; };
		6DD8EF491620CE13006A1F13 /* OAProblem.h */ = {isa = PBXFileReference; fileEncoding = 4; lastKnownFileType = sourcecode.c.h; path = OAProblem.h; sourceTree = "<group>"; };
		6DD8EF4A1620CE13006A1F13 /* OAProblem.m */ = {isa = PBXFileReference; fileEncoding = 4; lastKnownFileType = sourcecode.c.objc; path = OAProblem.m; sourceTree = "<group>"; };
		6DD8EF4B1620CE13006A1F13 /* OARequestParameter.h */ = {isa = PBXFileReference; fileEncoding = 4; lastKnownFileType = sourcecode.c.h; path = OARequestParameter.h; sourceTree = "<group>"; };
		6DD8EF4C1620CE13006A1F13 /* OARequestParameter.m */ = {isa = PBXFileReference; fileEncoding = 4; lastKnownFileType = sourcecode.c.objc; path = OARequestParameter.m; sourceTree = "<group>"; };
		6DD8EF4D1620CE13006A1F13 /* OAServiceTicket.h */ = {isa = PBXFileReference; fileEncoding = 4; lastKnownFileType = sourcecode.c.h; path = OAServiceTicket.h; sourceTree = "<group>"; };
		6DD8EF4E1620CE13006A1F13 /* OAServiceTicket.m */ = {isa = PBXFileReference; fileEncoding = 4; lastKnownFileType = sourcecode.c.objc; path = OAServiceTicket.m; sourceTree = "<group>"; };
		6DD8EF4F1620CE13006A1F13 /* OASignatureProviding.h */ = {isa = PBXFileReference; fileEncoding = 4; lastKnownFileType = sourcecode.c.h; path = OASignatureProviding.h; sourceTree = "<group>"; };
		6DD8EF501620CE13006A1F13 /* OATestServer.rb */ = {isa = PBXFileReference; fileEncoding = 4; lastKnownFileType = text.script.ruby; path = OATestServer.rb; sourceTree = "<group>"; };
		6DD8EF511620CE13006A1F13 /* OAToken.h */ = {isa = PBXFileReference; fileEncoding = 4; lastKnownFileType = sourcecode.c.h; path = OAToken.h; sourceTree = "<group>"; };
		6DD8EF521620CE13006A1F13 /* OAToken.m */ = {isa = PBXFileReference; fileEncoding = 4; lastKnownFileType = sourcecode.c.objc; path = OAToken.m; sourceTree = "<group>"; };
		6DD8EF531620CE13006A1F13 /* OATokenManager.h */ = {isa = PBXFileReference; fileEncoding = 4; lastKnownFileType = sourcecode.c.h; path = OATokenManager.h; sourceTree = "<group>"; };
		6DD8EF541620CE13006A1F13 /* OATokenManager.m */ = {isa = PBXFileReference; fileEncoding = 4; lastKnownFileType = sourcecode.c.objc; path = OATokenManager.m; sourceTree = "<group>"; };
		6DD8EF551620CE13006A1F13 /* OAuthConsumer.h */ = {isa = PBXFileReference; fileEncoding = 4; lastKnownFileType = sourcecode.c.h; path = OAuthConsumer.h; sourceTree = "<group>"; };
		6DD8EF561620CE13006A1F13 /* README */ = {isa = PBXFileReference; fileEncoding = 4; lastKnownFileType = text; path = README; sourceTree = "<group>"; };
		6DD8EF901620E7D9006A1F13 /* Badge.h */ = {isa = PBXFileReference; fileEncoding = 4; lastKnownFileType = sourcecode.c.h; path = Badge.h; sourceTree = "<group>"; };
		6DD8EF911620E7D9006A1F13 /* Badge.m */ = {isa = PBXFileReference; fileEncoding = 4; lastKnownFileType = sourcecode.c.objc; path = Badge.m; sourceTree = "<group>"; };
		6DD8EF921620E7D9006A1F13 /* CloudyRecConnector.h */ = {isa = PBXFileReference; fileEncoding = 4; lastKnownFileType = sourcecode.c.h; path = CloudyRecConnector.h; sourceTree = "<group>"; };
		6DD8EF931620E7D9006A1F13 /* CloudyRecConnector.m */ = {isa = PBXFileReference; fileEncoding = 4; lastKnownFileType = sourcecode.c.objc; path = CloudyRecConnector.m; sourceTree = "<group>"; };
		6DD8EF941620E7D9006A1F13 /* CloudyRecFstore.h */ = {isa = PBXFileReference; fileEncoding = 4; lastKnownFileType = sourcecode.c.h; path = CloudyRecFstore.h; sourceTree = "<group>"; };
		6DD8EF951620E7D9006A1F13 /* CloudyRecFstore.m */ = {isa = PBXFileReference; fileEncoding = 4; lastKnownFileType = sourcecode.c.objc; path = CloudyRecFstore.m; sourceTree = "<group>"; };
		6DD8EF961620E7D9006A1F13 /* CloudyRecResource.h */ = {isa = PBXFileReference; fileEncoding = 4; lastKnownFileType = sourcecode.c.h; path = CloudyRecResource.h; sourceTree = "<group>"; };
		6DD8EF971620E7D9006A1F13 /* CloudyRecResource.m */ = {isa = PBXFileReference; fileEncoding = 4; lastKnownFileType = sourcecode.c.objc; path = CloudyRecResource.m; sourceTree = "<group>"; };
		6DD8EF981620E7D9006A1F13 /* Exercise.h */ = {isa = PBXFileReference; fileEncoding = 4; lastKnownFileType = sourcecode.c.h; path = Exercise.h; sourceTree = "<group>"; };
		6DD8EF991620E7D9006A1F13 /* Exercise.m */ = {isa = PBXFileReference; fileEncoding = 4; lastKnownFileType = sourcecode.c.objc; path = Exercise.m; sourceTree = "<group>"; };
		6DD8EF9A1620E7D9006A1F13 /* Food.h */ = {isa = PBXFileReference; fileEncoding = 4; lastKnownFileType = sourcecode.c.h; path = Food.h; sourceTree = "<group>"; };
		6DD8EF9B1620E7D9006A1F13 /* Food.m */ = {isa = PBXFileReference; fileEncoding = 4; lastKnownFileType = sourcecode.c.objc; path = Food.m; sourceTree = "<group>"; };
		6DD8EF9C1620E7D9006A1F13 /* Quiz.h */ = {isa = PBXFileReference; fileEncoding = 4; lastKnownFileType = sourcecode.c.h; path = Quiz.h; sourceTree = "<group>"; };
		6DD8EF9D1620E7D9006A1F13 /* Quiz.m */ = {isa = PBXFileReference; fileEncoding = 4; lastKnownFileType = sourcecode.c.objc; path = Quiz.m; sourceTree = "<group>"; };
		6DD8EF9E1620E7D9006A1F13 /* SimpleHttpResponse.h */ = {isa = PBXFileReference; fileEncoding = 4; lastKnownFileType = sourcecode.c.h; path = SimpleHttpResponse.h; sourceTree = "<group>"; };
		6DD8EF9F1620E7D9006A1F13 /* SimpleHttpResponse.m */ = {isa = PBXFileReference; fileEncoding = 4; lastKnownFileType = sourcecode.c.objc; path = SimpleHttpResponse.m; sourceTree = "<group>"; };
		6DD8EFA01620E7D9006A1F13 /* User.h */ = {isa = PBXFileReference; fileEncoding = 4; lastKnownFileType = sourcecode.c.h; path = User.h; sourceTree = "<group>"; };
		6DD8EFA11620E7D9006A1F13 /* User.m */ = {isa = PBXFileReference; fileEncoding = 4; lastKnownFileType = sourcecode.c.objc; path = User.m; sourceTree = "<group>"; };
		6DD8EFAF162104AB006A1F13 /* loginscreen@2x.png */ = {isa = PBXFileReference; lastKnownFileType = image.png; path = "loginscreen@2x.png"; sourceTree = "<group>"; };
/* End PBXFileReference section */

/* Begin PBXFrameworksBuildPhase section */
		6DD8EED01620B93E006A1F13 /* Frameworks */ = {
			isa = PBXFrameworksBuildPhase;
			buildActionMask = 2147483647;
			files = (
				603DAE231620EE76004B1D81 /* SystemConfiguration.framework in Frameworks */,
				603DAE211620EE71004B1D81 /* MobileCoreServices.framework in Frameworks */,
				603DAE1F1620EE38004B1D81 /* libiconv.dylib in Frameworks */,
				603DAE1D1620EE31004B1D81 /* QuartzCore.framework in Frameworks */,
				603DAE1B1620EE2A004B1D81 /* CoreVideo.framework in Frameworks */,
				603DAE191620EE24004B1D81 /* CoreMedia.framework in Frameworks */,
				603DAE171620EE1F004B1D81 /* AVFoundation.framework in Frameworks */,
				6DD8EED81620B93E006A1F13 /* UIKit.framework in Frameworks */,
				6DD8EEDA1620B93E006A1F13 /* Foundation.framework in Frameworks */,
				6DD8EEDC1620B93E006A1F13 /* CoreGraphics.framework in Frameworks */,
				603DAE101620EDDD004B1D81 /* libzbar.a in Frameworks */,
			);
			runOnlyForDeploymentPostprocessing = 0;
		};
/* End PBXFrameworksBuildPhase section */

/* Begin PBXGroup section */
		603DADD11620EDDD004B1D81 /* AFNetworking */ = {
			isa = PBXGroup;
			children = (
				603DADD21620EDDD004B1D81 /* AFHTTPClient.h */,
				603DADD31620EDDD004B1D81 /* AFHTTPClient.m */,
				603DADD41620EDDD004B1D81 /* AFHTTPRequestOperation.h */,
				603DADD51620EDDD004B1D81 /* AFHTTPRequestOperation.m */,
				603DADD61620EDDD004B1D81 /* AFImageRequestOperation.h */,
				603DADD71620EDDD004B1D81 /* AFImageRequestOperation.m */,
				603DADD81620EDDD004B1D81 /* AFJSONRequestOperation.h */,
				603DADD91620EDDD004B1D81 /* AFJSONRequestOperation.m */,
				603DADDA1620EDDD004B1D81 /* AFNetworkActivityIndicatorManager.h */,
				603DADDB1620EDDD004B1D81 /* AFNetworkActivityIndicatorManager.m */,
				603DADDC1620EDDD004B1D81 /* AFNetworking.h */,
				603DADDD1620EDDD004B1D81 /* AFPropertyListRequestOperation.h */,
				603DADDE1620EDDD004B1D81 /* AFPropertyListRequestOperation.m */,
				603DADDF1620EDDD004B1D81 /* AFURLConnectionOperation.h */,
				603DADE01620EDDD004B1D81 /* AFURLConnectionOperation.m */,
				603DADE11620EDDD004B1D81 /* AFXMLRequestOperation.h */,
				603DADE21620EDDD004B1D81 /* AFXMLRequestOperation.m */,
				603DADE31620EDDD004B1D81 /* UIImageView+AFNetworking.h */,
				603DADE41620EDDD004B1D81 /* UIImageView+AFNetworking.m */,
			);
			name = AFNetworking;
			path = ../AFNetworking;
			sourceTree = "<group>";
		};
		603DADE51620EDDD004B1D81 /* MBProgressHUD */ = {
			isa = PBXGroup;
			children = (
				603DADE61620EDDD004B1D81 /* MBProgressHUD.h */,
				603DADE71620EDDD004B1D81 /* MBProgressHUD.m */,
			);
			name = MBProgressHUD;
			path = ../MBProgressHUD;
			sourceTree = "<group>";
		};
		603DADE81620EDDD004B1D81 /* ZBarSDK */ = {
			isa = PBXGroup;
			children = (
				603DADE91620EDDD004B1D81 /* Headers */,
				603DAE001620EDDD004B1D81 /* libzbar.a */,
				603DAE011620EDDD004B1D81 /* Resources */,
			);
			name = ZBarSDK;
			path = ../ZBarSDK;
			sourceTree = "<group>";
		};
		603DADE91620EDDD004B1D81 /* Headers */ = {
			isa = PBXGroup;
			children = (
				603DADEA1620EDDD004B1D81 /* ZBarSDK */,
			);
			path = Headers;
			sourceTree = "<group>";
		};
		603DADEA1620EDDD004B1D81 /* ZBarSDK */ = {
			isa = PBXGroup;
			children = (
				603DADEB1620EDDD004B1D81 /* zbar */,
				603DADF51620EDDD004B1D81 /* zbar.h */,
				603DADF61620EDDD004B1D81 /* ZBarCameraSimulator.h */,
				603DADF71620EDDD004B1D81 /* ZBarCaptureReader.h */,
				603DADF81620EDDD004B1D81 /* ZBarHelpController.h */,
				603DADF91620EDDD004B1D81 /* ZBarImage.h */,
				603DADFA1620EDDD004B1D81 /* ZBarImageScanner.h */,
				603DADFB1620EDDD004B1D81 /* ZBarReaderController.h */,
				603DADFC1620EDDD004B1D81 /* ZBarReaderView.h */,
				603DADFD1620EDDD004B1D81 /* ZBarReaderViewController.h */,
				603DADFE1620EDDD004B1D81 /* ZBarSDK.h */,
				603DADFF1620EDDD004B1D81 /* ZBarSymbol.h */,
			);
			path = ZBarSDK;
			sourceTree = "<group>";
		};
		603DADEB1620EDDD004B1D81 /* zbar */ = {
			isa = PBXGroup;
			children = (
				603DADEC1620EDDD004B1D81 /* Decoder.h */,
				603DADED1620EDDD004B1D81 /* Exception.h */,
				603DADEE1620EDDD004B1D81 /* Image.h */,
				603DADEF1620EDDD004B1D81 /* ImageScanner.h */,
				603DADF01620EDDD004B1D81 /* Processor.h */,
				603DADF11620EDDD004B1D81 /* Scanner.h */,
				603DADF21620EDDD004B1D81 /* Symbol.h */,
				603DADF31620EDDD004B1D81 /* Video.h */,
				603DADF41620EDDD004B1D81 /* Window.h */,
			);
			path = zbar;
			sourceTree = "<group>";
		};
		603DAE011620EDDD004B1D81 /* Resources */ = {
			isa = PBXGroup;
			children = (
				603DAE021620EDDD004B1D81 /* zbar-back.png */,
				603DAE031620EDDD004B1D81 /* zbar-help.html */,
				603DAE041620EDDD004B1D81 /* zbar-helpicons.png */,
				603DAE051620EDDD004B1D81 /* zbar-samples.png */,
			);
			path = Resources;
			sourceTree = "<group>";
		};
		603DAE2D1620EF4F004B1D81 /* Activites */ = {
			isa = PBXGroup;
			children = (
				6DD8EF021620BB20006A1F13 /* ActivityViewController.h */,
				6DD8EF031620BB20006A1F13 /* ActivityViewController.m */,
				6DD8EF041620BB20006A1F13 /* ActivityViewController.xib */,
				608F09D716210BB800FE1CB3 /* FoodMash */,
				608F09D916210BFE00FE1CB3 /* FoodRate */,
			);
			name = Activites;
			sourceTree = "<group>";
		};
		608F09D716210BB800FE1CB3 /* FoodMash */ = {
			isa = PBXGroup;
			children = (
				6098F75116213DC8001D8136 /* FoodMashCategories.plist */,
				6098F75216213DC8001D8136 /* FoodMashCategoriesController.h */,
				6098F75316213DC8001D8136 /* FoodMashCategoriesController.m */,
				6098F75416213DC8001D8136 /* FoodMashCategoriesController.xib */,
				608F09CB16210BAC00FE1CB3 /* FoodMash.h */,
				608F09CC16210BAC00FE1CB3 /* FoodMash.m */,
				608F09CD16210BAC00FE1CB3 /* FoodMashController.h */,
				608F09CE16210BAC00FE1CB3 /* FoodMashController.m */,
				608F09CF16210BAC00FE1CB3 /* FoodMashController.xib */,
				608F09D016210BAC00FE1CB3 /* FoodPair.h */,
				608F09D116210BAC00FE1CB3 /* FoodPair.m */,
				608F09DA1621141200FE1CB3 /* FoodProduct.h */,
				608F09DB1621141200FE1CB3 /* FoodProduct.m */,
				6098F76816217F34001D8136 /* FoodMashScoreScreen.h */,
				6098F76916217F34001D8136 /* FoodMashScoreScreen.m */,
				6098F76A16217F35001D8136 /* FoodMashScoreScreen.xib */,
			);
			name = FoodMash;
			sourceTree = "<group>";
		};
		608F09D916210BFE00FE1CB3 /* FoodRate */ = {
			isa = PBXGroup;
			children = (
				603DAE241620EED5004B1D81 /* ProductDescriptionController.h */,
				603DAE251620EED5004B1D81 /* ProductDescriptionController.m */,
				603DAE261620EED5004B1D81 /* ProductDescriptionController.xib */,
				603DAE2E1620EF9A004B1D81 /* FoodRate.h */,
				603DAE2F1620EF9A004B1D81 /* FoodRate.m */,
				603DAE321620F0C1004B1D81 /* FoodRateDelegate.h */,
			);
			name = FoodRate;
			sourceTree = "<group>";
		};
		6DD8EEC81620B93E006A1F13 = {
			isa = PBXGroup;
			children = (
				6DD8EEDD1620B93E006A1F13 /* HealthPlay */,
				6DD8EED61620B93E006A1F13 /* Frameworks */,
				6DD8EED41620B93E006A1F13 /* Products */,
			);
			sourceTree = "<group>";
		};
		6DD8EED41620B93E006A1F13 /* Products */ = {
			isa = PBXGroup;
			children = (
				6DD8EED31620B93E006A1F13 /* HealthPlay.app */,
			);
			name = Products;
			sourceTree = "<group>";
		};
		6DD8EED61620B93E006A1F13 /* Frameworks */ = {
			isa = PBXGroup;
			children = (
				603DAE221620EE76004B1D81 /* SystemConfiguration.framework */,
				603DAE201620EE71004B1D81 /* MobileCoreServices.framework */,
				603DAE1E1620EE38004B1D81 /* libiconv.dylib */,
				603DAE1C1620EE31004B1D81 /* QuartzCore.framework */,
				603DAE1A1620EE2A004B1D81 /* CoreVideo.framework */,
				603DAE181620EE24004B1D81 /* CoreMedia.framework */,
				603DAE161620EE1F004B1D81 /* AVFoundation.framework */,
				6DD8EED71620B93E006A1F13 /* UIKit.framework */,
				6DD8EED91620B93E006A1F13 /* Foundation.framework */,
				6DD8EEDB1620B93E006A1F13 /* CoreGraphics.framework */,
			);
			name = Frameworks;
			sourceTree = "<group>";
		};
		6DD8EEDD1620B93E006A1F13 /* HealthPlay */ = {
			isa = PBXGroup;
			children = (
				603DAE311620EFFD004B1D81 /* Constants.h */,
				6DD8EEE61620B93E006A1F13 /* AppDelegate.h */,
				6DD8EEE71620B93E006A1F13 /* AppDelegate.m */,
				6DD8EF161620CA51006A1F13 /* LoginViewController.h */,
				6DD8EF171620CA51006A1F13 /* LoginViewController.m */,
				6DD8EF181620CA51006A1F13 /* LoginViewController.xib */,
				6DD8EEF81620BA64006A1F13 /* NavigationViewController.h */,
				6DD8EEF91620BA64006A1F13 /* NavigationViewController.m */,
				6DD8EEFA1620BA64006A1F13 /* NavigationViewController.xib */,
				6DD8EEE91620B93E006A1F13 /* ViewController.h */,
				6DD8EEEA1620B93E006A1F13 /* ViewController.m */,
				6DD8EEEC1620B93E006A1F13 /* ViewController.xib */,
				6DD8EEFD1620BB0C006A1F13 /* ProfileViewController.h */,
				6DD8EEFE1620BB0C006A1F13 /* ProfileViewController.m */,
				6DD8EEFF1620BB0C006A1F13 /* ProfileViewController.xib */,
				6DD8EF071620BB31006A1F13 /* PreGameViewController.h */,
				6DD8EF081620BB32006A1F13 /* PreGameViewController.m */,
				6DD8EF091620BB32006A1F13 /* PreGameViewController.xib */,
				6DD8EF0C1620BB91006A1F13 /* GameViewController.h */,
				6DD8EF0D1620BB91006A1F13 /* GameViewController.m */,
				6DD8EF0E1620BB91006A1F13 /* GameViewController.xib */,
				603DAE2D1620EF4F004B1D81 /* Activites */,
				6DD8EFB2162104B7006A1F13 /* images */,
				6DD8EF8F1620E7D8006A1F13 /* cloudyrec */,
				6DD8EF261620CE13006A1F13 /* lib */,
				6DD8EEDE1620B93E006A1F13 /* Supporting Files */,
			);
			path = HealthPlay;
			sourceTree = "<group>";
		};
		6DD8EEDE1620B93E006A1F13 /* Supporting Files */ = {
			isa = PBXGroup;
			children = (
				6DD8EEDF1620B93E006A1F13 /* HealthPlay-Info.plist */,
				6DD8EEE01620B93E006A1F13 /* InfoPlist.strings */,
				6DD8EEE31620B93E006A1F13 /* main.m */,
				6DD8EEE51620B93E006A1F13 /* HealthPlay-Prefix.pch */,
			);
			name = "Supporting Files";
			sourceTree = "<group>";
		};
		6DD8EF261620CE13006A1F13 /* lib */ = {
			isa = PBXGroup;
			children = (
				603DADD11620EDDD004B1D81 /* AFNetworking */,
				603DADE51620EDDD004B1D81 /* MBProgressHUD */,
				603DADE81620EDDD004B1D81 /* ZBarSDK */,
				6DD8EF271620CE13006A1F13 /* JSONKit */,
				6DD8EF2C1620CE13006A1F13 /* OAuthConsumer */,
			);
			path = lib;
			sourceTree = "<group>";
		};
		6DD8EF271620CE13006A1F13 /* JSONKit */ = {
			isa = PBXGroup;
			children = (
				6DD8EF281620CE13006A1F13 /* CHANGELOG.md */,
				6DD8EF291620CE13006A1F13 /* JSONKit.h */,
				6DD8EF2A1620CE13006A1F13 /* JSONKit.m */,
				6DD8EF2B1620CE13006A1F13 /* README.md */,
			);
			path = JSONKit;
			sourceTree = "<group>";
		};
		6DD8EF2C1620CE13006A1F13 /* OAuthConsumer */ = {
			isa = PBXGroup;
			children = (
				6DD8EF2D1620CE13006A1F13 /* Categories */,
				6DD8EF341620CE13006A1F13 /* Crypto */,
				6DD8EF3B1620CE13006A1F13 /* OAAttachment.h */,
				6DD8EF3C1620CE13006A1F13 /* OAAttachment.m */,
				6DD8EF3D1620CE13006A1F13 /* OACall.h */,
				6DD8EF3E1620CE13006A1F13 /* OACall.m */,
				6DD8EF3F1620CE13006A1F13 /* OAConsumer.h */,
				6DD8EF401620CE13006A1F13 /* OAConsumer.m */,
				6DD8EF411620CE13006A1F13 /* OADataFetcher.h */,
				6DD8EF421620CE13006A1F13 /* OADataFetcher.m */,
				6DD8EF431620CE13006A1F13 /* OAHMAC_SHA1SignatureProvider.h */,
				6DD8EF441620CE13006A1F13 /* OAHMAC_SHA1SignatureProvider.m */,
				6DD8EF451620CE13006A1F13 /* OAMutableURLRequest.h */,
				6DD8EF461620CE13006A1F13 /* OAMutableURLRequest.m */,
				6DD8EF471620CE13006A1F13 /* OAPlaintextSignatureProvider.h */,
				6DD8EF481620CE13006A1F13 /* OAPlaintextSignatureProvider.m */,
				6DD8EF491620CE13006A1F13 /* OAProblem.h */,
				6DD8EF4A1620CE13006A1F13 /* OAProblem.m */,
				6DD8EF4B1620CE13006A1F13 /* OARequestParameter.h */,
				6DD8EF4C1620CE13006A1F13 /* OARequestParameter.m */,
				6DD8EF4D1620CE13006A1F13 /* OAServiceTicket.h */,
				6DD8EF4E1620CE13006A1F13 /* OAServiceTicket.m */,
				6DD8EF4F1620CE13006A1F13 /* OASignatureProviding.h */,
				6DD8EF501620CE13006A1F13 /* OATestServer.rb */,
				6DD8EF511620CE13006A1F13 /* OAToken.h */,
				6DD8EF521620CE13006A1F13 /* OAToken.m */,
				6DD8EF531620CE13006A1F13 /* OATokenManager.h */,
				6DD8EF541620CE13006A1F13 /* OATokenManager.m */,
				6DD8EF551620CE13006A1F13 /* OAuthConsumer.h */,
				6DD8EF561620CE13006A1F13 /* README */,
			);
			path = OAuthConsumer;
			sourceTree = "<group>";
		};
		6DD8EF2D1620CE13006A1F13 /* Categories */ = {
			isa = PBXGroup;
			children = (
				6DD8EF2E1620CE13006A1F13 /* NSMutableURLRequest+Parameters.h */,
				6DD8EF2F1620CE13006A1F13 /* NSMutableURLRequest+Parameters.m */,
				6DD8EF301620CE13006A1F13 /* NSString+URLEncoding.h */,
				6DD8EF311620CE13006A1F13 /* NSString+URLEncoding.m */,
				6DD8EF321620CE13006A1F13 /* NSURL+Base.h */,
				6DD8EF331620CE13006A1F13 /* NSURL+Base.m */,
			);
			path = Categories;
			sourceTree = "<group>";
		};
		6DD8EF341620CE13006A1F13 /* Crypto */ = {
			isa = PBXGroup;
			children = (
				6DD8EF351620CE13006A1F13 /* Base64Transcoder.c */,
				6DD8EF361620CE13006A1F13 /* Base64Transcoder.h */,
				6DD8EF371620CE13006A1F13 /* hmac.c */,
				6DD8EF381620CE13006A1F13 /* hmac.h */,
				6DD8EF391620CE13006A1F13 /* sha1.c */,
				6DD8EF3A1620CE13006A1F13 /* sha1.h */,
			);
			path = Crypto;
			sourceTree = "<group>";
		};
		6DD8EF8F1620E7D8006A1F13 /* cloudyrec */ = {
			isa = PBXGroup;
			children = (
				6DD8EF901620E7D9006A1F13 /* Badge.h */,
				6DD8EF911620E7D9006A1F13 /* Badge.m */,
				6DD8EF921620E7D9006A1F13 /* CloudyRecConnector.h */,
				6DD8EF931620E7D9006A1F13 /* CloudyRecConnector.m */,
				6DD8EF941620E7D9006A1F13 /* CloudyRecFstore.h */,
				6DD8EF951620E7D9006A1F13 /* CloudyRecFstore.m */,
				6DD8EF961620E7D9006A1F13 /* CloudyRecResource.h */,
				6DD8EF971620E7D9006A1F13 /* CloudyRecResource.m */,
				6DD8EF981620E7D9006A1F13 /* Exercise.h */,
				6DD8EF991620E7D9006A1F13 /* Exercise.m */,
				6DD8EF9A1620E7D9006A1F13 /* Food.h */,
				6DD8EF9B1620E7D9006A1F13 /* Food.m */,
				6DD8EF9C1620E7D9006A1F13 /* Quiz.h */,
				6DD8EF9D1620E7D9006A1F13 /* Quiz.m */,
				6DD8EF9E1620E7D9006A1F13 /* SimpleHttpResponse.h */,
				6DD8EF9F1620E7D9006A1F13 /* SimpleHttpResponse.m */,
				6DD8EFA01620E7D9006A1F13 /* User.h */,
				6DD8EFA11620E7D9006A1F13 /* User.m */,
			);
			path = cloudyrec;
			sourceTree = "<group>";
		};
		6DD8EFB2162104B7006A1F13 /* images */ = {
			isa = PBXGroup;
			children = (
				6D1DA230162134680052E5E4 /* 1-mile@2x.png */,
				6D1DA231162134680052E5E4 /* 5-miles@2x.png */,
				6D1DA232162134680052E5E4 /* 10-miles@2x.png */,
				6D1DA233162134680052E5E4 /* quiz-expert@2x.png */,
				6D1DA234162134680052E5E4 /* quiz-guru@2x.png */,
				6D1DA235162134680052E5E4 /* quiz-whiz@2x.png */,
				6D1DA223162121800052E5E4 /* button-logout@2x.png */,
				6D1DA22116211FF20052E5E4 /* tabcontrols@2x.png */,
				6D1DA212162112400052E5E4 /* button-back@2x.png */,
				6D1DA20A162110440052E5E4 /* boy-1@2x.png */,
				6D1DA20B162110440052E5E4 /* boy-2@2x.png */,
				6D1DA20C162110440052E5E4 /* girl-1@2x.png */,
				6D1DA20D162110440052E5E4 /* girl-2@2x.png */,
				6D1DA23C16213AE90052E5E4 /* rank-maj@2x.png */,
				6D1DA23D16213AE90052E5E4 /* rank-sgt@2x.png */,
				6D1DA247162147C60052E5E4 /* label-hboost@2x.png */,
				6D1DA22D162127BD0052E5E4 /* label-badges@2x.png */,
				6D1DA245162147020052E5E4 /* label-healthplay@2x.png */,
				6D1DA2081621103A0052E5E4 /* label-profile@2x.png */,
				6D1DA20516210F3F0052E5E4 /* background@2x.png */,
				6DD8EFAF162104AB006A1F13 /* loginscreen@2x.png */,
			);
			name = images;
			sourceTree = "<group>";
		};
/* End PBXGroup section */

/* Begin PBXNativeTarget section */
		6DD8EED21620B93E006A1F13 /* HealthPlay */ = {
			isa = PBXNativeTarget;
			buildConfigurationList = 6DD8EEF11620B93E006A1F13 /* Build configuration list for PBXNativeTarget "HealthPlay" */;
			buildPhases = (
				6DD8EECF1620B93E006A1F13 /* Sources */,
				6DD8EED01620B93E006A1F13 /* Frameworks */,
				6DD8EED11620B93E006A1F13 /* Resources */,
			);
			buildRules = (
			);
			dependencies = (
			);
			name = HealthPlay;
			productName = HealthPlay;
			productReference = 6DD8EED31620B93E006A1F13 /* HealthPlay.app */;
			productType = "com.apple.product-type.application";
		};
/* End PBXNativeTarget section */

/* Begin PBXProject section */
		6DD8EECA1620B93E006A1F13 /* Project object */ = {
			isa = PBXProject;
			attributes = {
				LastUpgradeCheck = 0440;
				ORGANIZATIONNAME = YangShun;
			};
			buildConfigurationList = 6DD8EECD1620B93E006A1F13 /* Build configuration list for PBXProject "HealthPlay" */;
			compatibilityVersion = "Xcode 3.2";
			developmentRegion = English;
			hasScannedForEncodings = 0;
			knownRegions = (
				en,
			);
			mainGroup = 6DD8EEC81620B93E006A1F13;
			productRefGroup = 6DD8EED41620B93E006A1F13 /* Products */;
			projectDirPath = "";
			projectRoot = "";
			targets = (
				6DD8EED21620B93E006A1F13 /* HealthPlay */,
			);
		};
/* End PBXProject section */

/* Begin PBXResourcesBuildPhase section */
		6DD8EED11620B93E006A1F13 /* Resources */ = {
			isa = PBXResourcesBuildPhase;
			buildActionMask = 2147483647;
			files = (
				6DD8EEE21620B93E006A1F13 /* InfoPlist.strings in Resources */,
				6DD8EEEE1620B93E006A1F13 /* ViewController.xib in Resources */,
				6DD8EEFC1620BA64006A1F13 /* NavigationViewController.xib in Resources */,
				6DD8EF011620BB0C006A1F13 /* ProfileViewController.xib in Resources */,
				6DD8EF061620BB20006A1F13 /* ActivityViewController.xib in Resources */,
				6DD8EF0B1620BB32006A1F13 /* PreGameViewController.xib in Resources */,
				6DD8EF101620BB91006A1F13 /* GameViewController.xib in Resources */,
				6DD8EF1A1620CA51006A1F13 /* LoginViewController.xib in Resources */,
				6DD8EF5C1620CE13006A1F13 /* CHANGELOG.md in Resources */,
				6DD8EF5E1620CE13006A1F13 /* README.md in Resources */,
				6DD8EF6F1620CE13006A1F13 /* OATestServer.rb in Resources */,
				6DD8EF721620CE13006A1F13 /* README in Resources */,
				603DAE111620EDDD004B1D81 /* zbar-back.png in Resources */,
				603DAE121620EDDD004B1D81 /* zbar-help.html in Resources */,
				603DAE131620EDDD004B1D81 /* zbar-helpicons.png in Resources */,
				603DAE141620EDDD004B1D81 /* zbar-samples.png in Resources */,
				603DAE281620EED5004B1D81 /* ProductDescriptionController.xib in Resources */,
				6DD8EFB0162104AB006A1F13 /* loginscreen@2x.png in Resources */,
				6D1DA20616210F3F0052E5E4 /* background@2x.png in Resources */,
				6D1DA2091621103A0052E5E4 /* label-profile@2x.png in Resources */,
				6D1DA20E162110440052E5E4 /* boy-1@2x.png in Resources */,
				6D1DA20F162110440052E5E4 /* boy-2@2x.png in Resources */,
				6D1DA210162110440052E5E4 /* girl-1@2x.png in Resources */,
				6D1DA211162110440052E5E4 /* girl-2@2x.png in Resources */,
				6D1DA213162112400052E5E4 /* button-back@2x.png in Resources */,
				6D1DA22216211FF20052E5E4 /* tabcontrols@2x.png in Resources */,
				6D1DA224162121800052E5E4 /* button-logout@2x.png in Resources */,
				608F09D416210BAC00FE1CB3 /* FoodMashController.xib in Resources */,
				6D1DA22E162127BD0052E5E4 /* label-badges@2x.png in Resources */,
				6D1DA236162134680052E5E4 /* 1-mile@2x.png in Resources */,
				6D1DA237162134680052E5E4 /* 5-miles@2x.png in Resources */,
				6D1DA238162134680052E5E4 /* 10-miles@2x.png in Resources */,
				6D1DA239162134680052E5E4 /* quiz-expert@2x.png in Resources */,
				6D1DA23A162134680052E5E4 /* quiz-guru@2x.png in Resources */,
				6D1DA23B162134680052E5E4 /* quiz-whiz@2x.png in Resources */,
				6D1DA23E16213AE90052E5E4 /* rank-maj@2x.png in Resources */,
				6D1DA23F16213AE90052E5E4 /* rank-sgt@2x.png in Resources */,
				6098F75516213DC8001D8136 /* FoodMashCategories.plist in Resources */,
				6098F75716213DC8001D8136 /* FoodMashCategoriesController.xib in Resources */,
				6D1DA246162147020052E5E4 /* label-healthplay@2x.png in Resources */,
				6D1DA248162147C60052E5E4 /* label-hboost@2x.png in Resources */,
				6098F76C16217F35001D8136 /* FoodMashScoreScreen.xib in Resources */,
			);
			runOnlyForDeploymentPostprocessing = 0;
		};
/* End PBXResourcesBuildPhase section */

/* Begin PBXSourcesBuildPhase section */
		6DD8EECF1620B93E006A1F13 /* Sources */ = {
			isa = PBXSourcesBuildPhase;
			buildActionMask = 2147483647;
			files = (
				6DD8EEE41620B93E006A1F13 /* main.m in Sources */,
				6DD8EEE81620B93E006A1F13 /* AppDelegate.m in Sources */,
				6DD8EEEB1620B93E006A1F13 /* ViewController.m in Sources */,
				6DD8EEFB1620BA64006A1F13 /* NavigationViewController.m in Sources */,
				6DD8EF001620BB0C006A1F13 /* ProfileViewController.m in Sources */,
				6DD8EF051620BB20006A1F13 /* ActivityViewController.m in Sources */,
				6DD8EF0A1620BB32006A1F13 /* PreGameViewController.m in Sources */,
				6DD8EF0F1620BB91006A1F13 /* GameViewController.m in Sources */,
				6DD8EF191620CA51006A1F13 /* LoginViewController.m in Sources */,
				6DD8EF5D1620CE13006A1F13 /* JSONKit.m in Sources */,
				6DD8EF5F1620CE13006A1F13 /* NSMutableURLRequest+Parameters.m in Sources */,
				6DD8EF601620CE13006A1F13 /* NSString+URLEncoding.m in Sources */,
				6DD8EF611620CE13006A1F13 /* NSURL+Base.m in Sources */,
				6DD8EF621620CE13006A1F13 /* Base64Transcoder.c in Sources */,
				6DD8EF631620CE13006A1F13 /* hmac.c in Sources */,
				6DD8EF641620CE13006A1F13 /* sha1.c in Sources */,
				6DD8EF651620CE13006A1F13 /* OAAttachment.m in Sources */,
				6DD8EF661620CE13006A1F13 /* OACall.m in Sources */,
				6DD8EF671620CE13006A1F13 /* OAConsumer.m in Sources */,
				6DD8EF681620CE13006A1F13 /* OADataFetcher.m in Sources */,
				6DD8EF691620CE13006A1F13 /* OAHMAC_SHA1SignatureProvider.m in Sources */,
				6DD8EF6A1620CE13006A1F13 /* OAMutableURLRequest.m in Sources */,
				6DD8EF6B1620CE13006A1F13 /* OAPlaintextSignatureProvider.m in Sources */,
				6DD8EF6C1620CE13006A1F13 /* OAProblem.m in Sources */,
				6DD8EF6D1620CE13006A1F13 /* OARequestParameter.m in Sources */,
				6DD8EF6E1620CE13006A1F13 /* OAServiceTicket.m in Sources */,
				6DD8EF701620CE13006A1F13 /* OAToken.m in Sources */,
				6DD8EF711620CE13006A1F13 /* OATokenManager.m in Sources */,
				6DD8EFA21620E7D9006A1F13 /* Badge.m in Sources */,
				6DD8EFA31620E7D9006A1F13 /* CloudyRecConnector.m in Sources */,
				6DD8EFA41620E7D9006A1F13 /* CloudyRecFstore.m in Sources */,
				6DD8EFA51620E7D9006A1F13 /* CloudyRecResource.m in Sources */,
				6DD8EFA61620E7D9006A1F13 /* Exercise.m in Sources */,
				6DD8EFA71620E7D9006A1F13 /* Food.m in Sources */,
				6DD8EFA81620E7D9006A1F13 /* Quiz.m in Sources */,
				6DD8EFA91620E7D9006A1F13 /* SimpleHttpResponse.m in Sources */,
				6DD8EFAA1620E7D9006A1F13 /* User.m in Sources */,
				603DAE061620EDDD004B1D81 /* AFHTTPClient.m in Sources */,
				603DAE071620EDDD004B1D81 /* AFHTTPRequestOperation.m in Sources */,
				603DAE081620EDDD004B1D81 /* AFImageRequestOperation.m in Sources */,
				603DAE091620EDDD004B1D81 /* AFJSONRequestOperation.m in Sources */,
				603DAE0A1620EDDD004B1D81 /* AFNetworkActivityIndicatorManager.m in Sources */,
				603DAE0B1620EDDD004B1D81 /* AFPropertyListRequestOperation.m in Sources */,
				603DAE0C1620EDDD004B1D81 /* AFURLConnectionOperation.m in Sources */,
				603DAE0D1620EDDD004B1D81 /* AFXMLRequestOperation.m in Sources */,
				603DAE0E1620EDDD004B1D81 /* UIImageView+AFNetworking.m in Sources */,
				603DAE0F1620EDDD004B1D81 /* MBProgressHUD.m in Sources */,
				603DAE271620EED5004B1D81 /* ProductDescriptionController.m in Sources */,
				603DAE301620EF9A004B1D81 /* FoodRate.m in Sources */,
				608F09D216210BAC00FE1CB3 /* FoodMash.m in Sources */,
				608F09D316210BAC00FE1CB3 /* FoodMashController.m in Sources */,
				608F09D516210BAC00FE1CB3 /* FoodPair.m in Sources */,
				608F09DC1621141200FE1CB3 /* FoodProduct.m in Sources */,
				6098F75616213DC8001D8136 /* FoodMashCategoriesController.m in Sources */,
				6098F76B16217F35001D8136 /* FoodMashScoreScreen.m in Sources */,
			);
			runOnlyForDeploymentPostprocessing = 0;
		};
/* End PBXSourcesBuildPhase section */

/* Begin PBXVariantGroup section */
		6DD8EEE01620B93E006A1F13 /* InfoPlist.strings */ = {
			isa = PBXVariantGroup;
			children = (
				6DD8EEE11620B93E006A1F13 /* en */,
			);
			name = InfoPlist.strings;
			sourceTree = "<group>";
		};
		6DD8EEEC1620B93E006A1F13 /* ViewController.xib */ = {
			isa = PBXVariantGroup;
			children = (
				6DD8EEED1620B93E006A1F13 /* en */,
			);
			name = ViewController.xib;
			sourceTree = "<group>";
		};
/* End PBXVariantGroup section */

/* Begin XCBuildConfiguration section */
		6DD8EEEF1620B93E006A1F13 /* Debug */ = {
			isa = XCBuildConfiguration;
			buildSettings = {
				ALWAYS_SEARCH_USER_PATHS = NO;
				ARCHS = "$(ARCHS_STANDARD_32_BIT)";
				CLANG_CXX_LANGUAGE_STANDARD = "gnu++0x";
				CLANG_ENABLE_OBJC_ARC = YES;
				CLANG_WARN__DUPLICATE_METHOD_MATCH = YES;
				"CODE_SIGN_IDENTITY[sdk=iphoneos*]" = "iPhone Developer";
				COPY_PHASE_STRIP = NO;
				GCC_C_LANGUAGE_STANDARD = gnu99;
				GCC_DYNAMIC_NO_PIC = NO;
				GCC_OPTIMIZATION_LEVEL = 0;
				GCC_PREPROCESSOR_DEFINITIONS = (
					"DEBUG=1",
					"$(inherited)",
				);
				GCC_SYMBOLS_PRIVATE_EXTERN = NO;
				GCC_VERSION = com.apple.compilers.llvm.clang.1_0;
				GCC_WARN_ABOUT_RETURN_TYPE = YES;
				GCC_WARN_UNINITIALIZED_AUTOS = YES;
				GCC_WARN_UNUSED_VARIABLE = YES;
				IPHONEOS_DEPLOYMENT_TARGET = 5.1;
				SDKROOT = iphoneos;
			};
			name = Debug;
		};
		6DD8EEF01620B93E006A1F13 /* Release */ = {
			isa = XCBuildConfiguration;
			buildSettings = {
				ALWAYS_SEARCH_USER_PATHS = NO;
				ARCHS = "$(ARCHS_STANDARD_32_BIT)";
				CLANG_CXX_LANGUAGE_STANDARD = "gnu++0x";
				CLANG_ENABLE_OBJC_ARC = YES;
				CLANG_WARN__DUPLICATE_METHOD_MATCH = YES;
				"CODE_SIGN_IDENTITY[sdk=iphoneos*]" = "iPhone Developer";
				COPY_PHASE_STRIP = YES;
				GCC_C_LANGUAGE_STANDARD = gnu99;
				GCC_VERSION = com.apple.compilers.llvm.clang.1_0;
				GCC_WARN_ABOUT_RETURN_TYPE = YES;
				GCC_WARN_UNINITIALIZED_AUTOS = YES;
				GCC_WARN_UNUSED_VARIABLE = YES;
				IPHONEOS_DEPLOYMENT_TARGET = 5.1;
				OTHER_CFLAGS = "-DNS_BLOCK_ASSERTIONS=1";
				SDKROOT = iphoneos;
				VALIDATE_PRODUCT = YES;
			};
			name = Release;
		};
		6DD8EEF21620B93E006A1F13 /* Debug */ = {
			isa = XCBuildConfiguration;
			buildSettings = {
				CODE_SIGN_IDENTITY = "iPhone Developer";
				GCC_PRECOMPILE_PREFIX_HEADER = YES;
				GCC_PREFIX_HEADER = "HealthPlay/HealthPlay-Prefix.pch";
				INFOPLIST_FILE = "HealthPlay/HealthPlay-Info.plist";
				LIBRARY_SEARCH_PATHS = (
					"$(inherited)",
					"\"$(SRCROOT)/HealthPlay/ZBarSDK\"",
				);
				PRODUCT_NAME = "$(TARGET_NAME)";
				PROVISIONING_PROFILE = "";
				VALID_ARCHS = armv7;
				WRAPPER_EXTENSION = app;
			};
			name = Debug;
		};
		6DD8EEF31620B93E006A1F13 /* Release */ = {
			isa = XCBuildConfiguration;
			buildSettings = {
				CODE_SIGN_IDENTITY = "iPhone Developer";
				GCC_PRECOMPILE_PREFIX_HEADER = YES;
				GCC_PREFIX_HEADER = "HealthPlay/HealthPlay-Prefix.pch";
				INFOPLIST_FILE = "HealthPlay/HealthPlay-Info.plist";
				LIBRARY_SEARCH_PATHS = (
					"$(inherited)",
					"\"$(SRCROOT)/HealthPlay/ZBarSDK\"",
				);
				PRODUCT_NAME = "$(TARGET_NAME)";
				PROVISIONING_PROFILE = "";
				VALID_ARCHS = armv7;
				WRAPPER_EXTENSION = app;
			};
			name = Release;
		};
/* End XCBuildConfiguration section */

/* Begin XCConfigurationList section */
		6DD8EECD1620B93E006A1F13 /* Build configuration list for PBXProject "HealthPlay" */ = {
			isa = XCConfigurationList;
			buildConfigurations = (
				6DD8EEEF1620B93E006A1F13 /* Debug */,
				6DD8EEF01620B93E006A1F13 /* Release */,
			);
			defaultConfigurationIsVisible = 0;
			defaultConfigurationName = Release;
		};
		6DD8EEF11620B93E006A1F13 /* Build configuration list for PBXNativeTarget "HealthPlay" */ = {
			isa = XCConfigurationList;
			buildConfigurations = (
				6DD8EEF21620B93E006A1F13 /* Debug */,
				6DD8EEF31620B93E006A1F13 /* Release */,
			);
			defaultConfigurationIsVisible = 0;
			defaultConfigurationName = Release;
		};
/* End XCConfigurationList section */
	};
	rootObject = 6DD8EECA1620B93E006A1F13 /* Project object */;
}
